PODS:
  - Alamofire (4.7.2)
  - SnapKit (4.0.0)
  - SwiftyJSON (4.1.0)
  - Then (2.3.0)

DEPENDENCIES:
  - Alamofire (~> 4.7)
  - SnapKit (~> 4.0.0)
  - SwiftyJSON (~> 4.0)
  - Then

SPEC REPOS:
  https://github.com/CocoaPods/Specs.git:
    - Alamofire
    - SnapKit
    - SwiftyJSON
    - Then

SPEC CHECKSUMS:
  Alamofire: e4fa87002c137ba2d8d634d2c51fabcda0d5c223
  SnapKit: a42d492c16e80209130a3379f73596c3454b7694
  SwiftyJSON: c29297daf073d2aa016295d5809cdd68045c39b3
  Then: ee21c97b85ff6062b9b0080c9abb1eea46743345

PODFILE CHECKSUM: f32a8d437229de9a47826f69364ceb343b1c843f

COCOAPODS: 1.5.0
