// !$*UTF8*$!
{
	archiveVersion = 1;
	classes = {
	};
	objectVersion = 50;
	objects = {

/* Begin PBXBuildFile section */
		52BE9C79F9BF6C885298CF89 /* Pods_outfitoftoday.framework in Frameworks */ = {isa = PBXBuildFile; fileRef = 38F2E84EE659465F7898ED8A /* Pods_outfitoftoday.framework */; };
		B30E0C47210AED910038CF7A /* OOTPageViewController.swift in Sources */ = {isa = PBXBuildFile; fileRef = B30E0C46210AED910038CF7A /* OOTPageViewController.swift */; };
		B30E0C4B210AF0140038CF7A /* BaseVC.swift in Sources */ = {isa = PBXBuildFile; fileRef = B30E0C4A210AF0140038CF7A /* BaseVC.swift */; };
		B30E0C4D210AF2CC0038CF7A /* BaseView.swift in Sources */ = {isa = PBXBuildFile; fileRef = B30E0C4C210AF2CC0038CF7A /* BaseView.swift */; };
		B30E0C53210AF56D0038CF7A /* OOTWeatherService.swift in Sources */ = {isa = PBXBuildFile; fileRef = B30E0C52210AF56D0038CF7A /* OOTWeatherService.swift */; };
		B3201DD8210BD68000E58DE7 /* LocationView.swift in Sources */ = {isa = PBXBuildFile; fileRef = B3201DD7210BD68000E58DE7 /* LocationView.swift */; };
		B3201DDA210BD90700E58DE7 /* TemperaturesModel.swift in Sources */ = {isa = PBXBuildFile; fileRef = B3201DD9210BD90700E58DE7 /* TemperaturesModel.swift */; };
		B32725EC210B060B00CE0FFC /* AlartController+.swift in Sources */ = {isa = PBXBuildFile; fileRef = B32725EB210B060B00CE0FFC /* AlartController+.swift */; };
		B32725EF210B07C300CE0FFC /* Data+.swift in Sources */ = {isa = PBXBuildFile; fileRef = B32725EE210B07C300CE0FFC /* Data+.swift */; };
		B359BDD220D566AF0032E187 /* AppDelegate.swift in Sources */ = {isa = PBXBuildFile; fileRef = B359BDD120D566AF0032E187 /* AppDelegate.swift */; };
		B359BDD920D566B10032E187 /* Assets.xcassets in Resources */ = {isa = PBXBuildFile; fileRef = B359BDD820D566B10032E187 /* Assets.xcassets */; };
		B359BDDC20D566B10032E187 /* LaunchScreen.storyboard in Resources */ = {isa = PBXBuildFile; fileRef = B359BDDA20D566B10032E187 /* LaunchScreen.storyboard */; };
		B36E3DD5210B41A100E24C4D /* BackgroundsModel.swift in Sources */ = {isa = PBXBuildFile; fileRef = B36E3DD4210B41A100E24C4D /* BackgroundsModel.swift */; };
		B3A3CDB620ECB35A00773D31 /* outfitoftodayTests.swift in Sources */ = {isa = PBXBuildFile; fileRef = B3A3CDB520ECB35A00773D31 /* outfitoftodayTests.swift */; };
		B3A57003210B71070063C36D /* NVIndicatorView.swift in Sources */ = {isa = PBXBuildFile; fileRef = B3A57002210B71070063C36D /* NVIndicatorView.swift */; };
		B3C1E6882109BC8300A7CA7E /* RootPageViewController.swift in Sources */ = {isa = PBXBuildFile; fileRef = B3C1E6872109BC8300A7CA7E /* RootPageViewController.swift */; };
		B3C1E68A2109BD0200A7CA7E /* OOTWeatherViewCotnroller.swift in Sources */ = {isa = PBXBuildFile; fileRef = B3C1E6892109BD0200A7CA7E /* OOTWeatherViewCotnroller.swift */; };
		B3C1E68C2109BD3C00A7CA7E /* SecondViewController.swift in Sources */ = {isa = PBXBuildFile; fileRef = B3C1E68B2109BD3C00A7CA7E /* SecondViewController.swift */; };
		BFC8E013CBDAF7863D27648F /* Pods_outfitoftoday.framework in Frameworks */ = {isa = PBXBuildFile; fileRef = B381529720ECAB3400C5F708 /* Pods_outfitoftoday.framework */; };
/* End PBXBuildFile section */

/* Begin PBXContainerItemProxy section */
		B3A3CDB820ECB35A00773D31 /* PBXContainerItemProxy */ = {
			isa = PBXContainerItemProxy;
			containerPortal = B359BDC620D566AF0032E187 /* Project object */;
			proxyType = 1;
			remoteGlobalIDString = B359BDCD20D566AF0032E187;
			remoteInfo = outfitoftoday;
		};
/* End PBXContainerItemProxy section */

/* Begin PBXFileReference section */
		1AFA2A638707CB78F55C25C0 /* Pods-outfitoftoday.release.xcconfig */ = {isa = PBXFileReference; includeInIndex = 1; lastKnownFileType = text.xcconfig; name = "Pods-outfitoftoday.release.xcconfig"; path = "Pods/Target Support Files/Pods-outfitoftoday/Pods-outfitoftoday.release.xcconfig"; sourceTree = "<group>"; };
		38F2E84EE659465F7898ED8A /* Pods_outfitoftoday.framework */ = {isa = PBXFileReference; explicitFileType = wrapper.framework; includeInIndex = 0; path = Pods_outfitoftoday.framework; sourceTree = BUILT_PRODUCTS_DIR; };
		582B9068E764BA7F495C82E3 /* Pods-outfitoftoday.debug.xcconfig */ = {isa = PBXFileReference; includeInIndex = 1; lastKnownFileType = text.xcconfig; name = "Pods-outfitoftoday.debug.xcconfig"; path = "Pods/Target Support Files/Pods-outfitoftoday/Pods-outfitoftoday.debug.xcconfig"; sourceTree = "<group>"; };
		B30E0C46210AED910038CF7A /* OOTPageViewController.swift */ = {isa = PBXFileReference; lastKnownFileType = sourcecode.swift; path = OOTPageViewController.swift; sourceTree = "<group>"; };
		B30E0C4A210AF0140038CF7A /* BaseVC.swift */ = {isa = PBXFileReference; lastKnownFileType = sourcecode.swift; path = BaseVC.swift; sourceTree = "<group>"; };
		B30E0C4C210AF2CC0038CF7A /* BaseView.swift */ = {isa = PBXFileReference; lastKnownFileType = sourcecode.swift; path = BaseView.swift; sourceTree = "<group>"; };
		B30E0C52210AF56D0038CF7A /* OOTWeatherService.swift */ = {isa = PBXFileReference; lastKnownFileType = sourcecode.swift; path = OOTWeatherService.swift; sourceTree = "<group>"; };
		B3201DD7210BD68000E58DE7 /* LocationView.swift */ = {isa = PBXFileReference; lastKnownFileType = sourcecode.swift; path = LocationView.swift; sourceTree = "<group>"; };
		B3201DD9210BD90700E58DE7 /* TemperaturesModel.swift */ = {isa = PBXFileReference; lastKnownFileType = sourcecode.swift; path = TemperaturesModel.swift; sourceTree = "<group>"; };
		B32725EB210B060B00CE0FFC /* AlartController+.swift */ = {isa = PBXFileReference; lastKnownFileType = sourcecode.swift; path = "AlartController+.swift"; sourceTree = "<group>"; };
		B32725EE210B07C300CE0FFC /* Data+.swift */ = {isa = PBXFileReference; lastKnownFileType = sourcecode.swift; path = "Data+.swift"; sourceTree = "<group>"; };
		B359BDCE20D566AF0032E187 /* outfitoftoday.app */ = {isa = PBXFileReference; explicitFileType = wrapper.application; includeInIndex = 0; path = outfitoftoday.app; sourceTree = BUILT_PRODUCTS_DIR; };
		B359BDD120D566AF0032E187 /* AppDelegate.swift */ = {isa = PBXFileReference; lastKnownFileType = sourcecode.swift; path = AppDelegate.swift; sourceTree = "<group>"; };
		B359BDD820D566B10032E187 /* Assets.xcassets */ = {isa = PBXFileReference; lastKnownFileType = folder.assetcatalog; path = Assets.xcassets; sourceTree = "<group>"; };
		B359BDDB20D566B10032E187 /* Base */ = {isa = PBXFileReference; lastKnownFileType = file.storyboard; name = Base; path = Base.lproj/LaunchScreen.storyboard; sourceTree = "<group>"; };
		B359BDDD20D566B10032E187 /* Info.plist */ = {isa = PBXFileReference; lastKnownFileType = text.plist.xml; path = Info.plist; sourceTree = "<group>"; };
		B36E3DD4210B41A100E24C4D /* BackgroundsModel.swift */ = {isa = PBXFileReference; lastKnownFileType = sourcecode.swift; path = BackgroundsModel.swift; sourceTree = "<group>"; };
		B381526A20ECA9A000C5F708 /* outfitoftodayTests.swift */ = {isa = PBXFileReference; lastKnownFileType = sourcecode.swift; path = outfitoftodayTests.swift; sourceTree = "<group>"; };
		B381526C20ECA9A000C5F708 /* Info.plist */ = {isa = PBXFileReference; lastKnownFileType = text.plist.xml; path = Info.plist; sourceTree = "<group>"; };
		B381529320ECAB3400C5F708 /* Alamofire.framework */ = {isa = PBXFileReference; explicitFileType = wrapper.framework; path = Alamofire.framework; sourceTree = BUILT_PRODUCTS_DIR; };
		B381529520ECAB3400C5F708 /* ObjectMapper.framework */ = {isa = PBXFileReference; explicitFileType = wrapper.framework; path = ObjectMapper.framework; sourceTree = BUILT_PRODUCTS_DIR; };
		B381529720ECAB3400C5F708 /* Pods_outfitoftoday.framework */ = {isa = PBXFileReference; explicitFileType = wrapper.framework; path = Pods_outfitoftoday.framework; sourceTree = BUILT_PRODUCTS_DIR; };
		B381529920ECAB3400C5F708 /* SideMenu.framework */ = {isa = PBXFileReference; explicitFileType = wrapper.framework; path = SideMenu.framework; sourceTree = BUILT_PRODUCTS_DIR; };
		B381529B20ECAB3400C5F708 /* SnapKit.framework */ = {isa = PBXFileReference; explicitFileType = wrapper.framework; path = SnapKit.framework; sourceTree = BUILT_PRODUCTS_DIR; };
		B381529D20ECAB3400C5F708 /* SwiftyJSON.framework */ = {isa = PBXFileReference; explicitFileType = wrapper.framework; path = SwiftyJSON.framework; sourceTree = BUILT_PRODUCTS_DIR; };
		B381529F20ECAB3400C5F708 /* Then.framework */ = {isa = PBXFileReference; explicitFileType = wrapper.framework; path = Then.framework; sourceTree = BUILT_PRODUCTS_DIR; };
		B3A3CDB320ECB35A00773D31 /* outfitoftodayTests.xctest */ = {isa = PBXFileReference; explicitFileType = wrapper.cfbundle; includeInIndex = 0; path = outfitoftodayTests.xctest; sourceTree = BUILT_PRODUCTS_DIR; };
		B3A3CDB520ECB35A00773D31 /* outfitoftodayTests.swift */ = {isa = PBXFileReference; lastKnownFileType = sourcecode.swift; path = outfitoftodayTests.swift; sourceTree = "<group>"; };
		B3A3CDB720ECB35A00773D31 /* Info.plist */ = {isa = PBXFileReference; lastKnownFileType = text.plist.xml; path = Info.plist; sourceTree = "<group>"; };
		B3A57002210B71070063C36D /* NVIndicatorView.swift */ = {isa = PBXFileReference; lastKnownFileType = sourcecode.swift; path = NVIndicatorView.swift; sourceTree = "<group>"; };
		B3C1E6872109BC8300A7CA7E /* RootPageViewController.swift */ = {isa = PBXFileReference; lastKnownFileType = sourcecode.swift; path = RootPageViewController.swift; sourceTree = "<group>"; };
		B3C1E6892109BD0200A7CA7E /* OOTWeatherViewCotnroller.swift */ = {isa = PBXFileReference; lastKnownFileType = sourcecode.swift; path = OOTWeatherViewCotnroller.swift; sourceTree = "<group>"; };
		B3C1E68B2109BD3C00A7CA7E /* SecondViewController.swift */ = {isa = PBXFileReference; lastKnownFileType = sourcecode.swift; path = SecondViewController.swift; sourceTree = "<group>"; };
/* End PBXFileReference section */

/* Begin PBXFrameworksBuildPhase section */
		B359BDCB20D566AF0032E187 /* Frameworks */ = {
			isa = PBXFrameworksBuildPhase;
			buildActionMask = 2147483647;
			files = (
				52BE9C79F9BF6C885298CF89 /* Pods_outfitoftoday.framework in Frameworks */,
				BFC8E013CBDAF7863D27648F /* Pods_outfitoftoday.framework in Frameworks */,
			);
			runOnlyForDeploymentPostprocessing = 0;
		};
		B3A3CDB020ECB35A00773D31 /* Frameworks */ = {
			isa = PBXFrameworksBuildPhase;
			buildActionMask = 2147483647;
			files = (
			);
			runOnlyForDeploymentPostprocessing = 0;
		};
/* End PBXFrameworksBuildPhase section */

/* Begin PBXGroup section */
		2FD15F82295B88414E2365C9 /* Pods */ = {
			isa = PBXGroup;
			children = (
				582B9068E764BA7F495C82E3 /* Pods-outfitoftoday.debug.xcconfig */,
				1AFA2A638707CB78F55C25C0 /* Pods-outfitoftoday.release.xcconfig */,
			);
			name = Pods;
			sourceTree = "<group>";
		};
		B30E0C45210AED020038CF7A /* PageViewController */ = {
			isa = PBXGroup;
			children = (
				B30E0C46210AED910038CF7A /* OOTPageViewController.swift */,
			);
			path = PageViewController;
			sourceTree = "<group>";
		};
		B30E0C49210AEFB80038CF7A /* Controlller */ = {
			isa = PBXGroup;
			children = (
				B3201DDB210BE19100E58DE7 /* VC */,
			);
			path = Controlller;
			sourceTree = "<group>";
		};
		B30E0C51210AF5530038CF7A /* Network */ = {
			isa = PBXGroup;
			children = (
				B30E0C52210AF56D0038CF7A /* OOTWeatherService.swift */,
			);
			path = Network;
			sourceTree = "<group>";
		};
		B3201DDB210BE19100E58DE7 /* VC */ = {
			isa = PBXGroup;
			children = (
				B3C1E6892109BD0200A7CA7E /* OOTWeatherViewCotnroller.swift */,
				B3C1E68B2109BD3C00A7CA7E /* SecondViewController.swift */,
			);
			path = VC;
			sourceTree = "<group>";
		};
		B32725ED210B07B900CE0FFC /* Extension */ = {
			isa = PBXGroup;
			children = (
				B32725EE210B07C300CE0FFC /* Data+.swift */,
			);
			path = Extension;
			sourceTree = "<group>";
		};
		B359BDC520D566AF0032E187 = {
			isa = PBXGroup;
			children = (
				B359BDD020D566AF0032E187 /* outfitoftoday */,
				B381526920ECA9A000C5F708 /* outfitoftodayTests */,
				B3A3CDB420ECB35A00773D31 /* outfitoftodayTests */,
				B359BDCF20D566AF0032E187 /* Products */,
				2FD15F82295B88414E2365C9 /* Pods */,
				F4BB7F4976E680E0AD567C04 /* Frameworks */,
			);
			sourceTree = "<group>";
		};
		B359BDCF20D566AF0032E187 /* Products */ = {
			isa = PBXGroup;
			children = (
				B359BDCE20D566AF0032E187 /* outfitoftoday.app */,
				B3A3CDB320ECB35A00773D31 /* outfitoftodayTests.xctest */,
			);
			name = Products;
			sourceTree = "<group>";
		};
		B359BDD020D566AF0032E187 /* outfitoftoday */ = {
			isa = PBXGroup;
			children = (
				B359BDD120D566AF0032E187 /* AppDelegate.swift */,
				B3C1E6842109A90C00A7CA7E /* Model */,
				B3C1E6832109A90600A7CA7E /* View */,
				B3C1E6812109A8F600A7CA7E /* Controller */,
				B3C1E6822109A8FE00A7CA7E /* Common */,
				B3C7BBA320D5687A003D7CB2 /* SurpportFile */,
			);
			path = outfitoftoday;
			sourceTree = "<group>";
		};
		B381526920ECA9A000C5F708 /* outfitoftodayTests */ = {
			isa = PBXGroup;
			children = (
				B381526A20ECA9A000C5F708 /* outfitoftodayTests.swift */,
				B381526C20ECA9A000C5F708 /* Info.plist */,
			);
			path = outfitoftodayTests;
			sourceTree = "<group>";
		};
		B3A3CDB420ECB35A00773D31 /* outfitoftodayTests */ = {
			isa = PBXGroup;
			children = (
				B3A3CDB520ECB35A00773D31 /* outfitoftodayTests.swift */,
				B3A3CDB720ECB35A00773D31 /* Info.plist */,
			);
			path = outfitoftodayTests;
			sourceTree = "<group>";
		};
		B3C1E6812109A8F600A7CA7E /* Controller */ = {
			isa = PBXGroup;
			children = (
				B3C1E6872109BC8300A7CA7E /* RootPageViewController.swift */,
				B30E0C45210AED020038CF7A /* PageViewController */,
				B30E0C49210AEFB80038CF7A /* Controlller */,
				B30E0C51210AF5530038CF7A /* Network */,
			);
			path = Controller;
			sourceTree = "<group>";
		};
		B3C1E6822109A8FE00A7CA7E /* Common */ = {
			isa = PBXGroup;
			children = (
				B30E0C4A210AF0140038CF7A /* BaseVC.swift */,
				B30E0C4C210AF2CC0038CF7A /* BaseView.swift */,
				B32725EB210B060B00CE0FFC /* AlartController+.swift */,
				B32725ED210B07B900CE0FFC /* Extension */,
			);
			path = Common;
			sourceTree = "<group>";
		};
		B3C1E6832109A90600A7CA7E /* View */ = {
			isa = PBXGroup;
			children = (
				B3A57002210B71070063C36D /* NVIndicatorView.swift */,
				B3201DD7210BD68000E58DE7 /* LocationView.swift */,
			);
			path = View;
			sourceTree = "<group>";
		};
		B3C1E6842109A90C00A7CA7E /* Model */ = {
			isa = PBXGroup;
			children = (
				B36E3DD4210B41A100E24C4D /* BackgroundsModel.swift */,
				B3201DD9210BD90700E58DE7 /* TemperaturesModel.swift */,
			);
			path = Model;
			sourceTree = "<group>";
		};
		B3C7BBA320D5687A003D7CB2 /* SurpportFile */ = {
			isa = PBXGroup;
			children = (
				B359BDD820D566B10032E187 /* Assets.xcassets */,
				B359BDDA20D566B10032E187 /* LaunchScreen.storyboard */,
				B359BDDD20D566B10032E187 /* Info.plist */,
			);
			path = SurpportFile;
			sourceTree = "<group>";
		};
		F4BB7F4976E680E0AD567C04 /* Frameworks */ = {
			isa = PBXGroup;
			children = (
				B381529320ECAB3400C5F708 /* Alamofire.framework */,
				B381529520ECAB3400C5F708 /* ObjectMapper.framework */,
				B381529720ECAB3400C5F708 /* Pods_outfitoftoday.framework */,
				B381529920ECAB3400C5F708 /* SideMenu.framework */,
				B381529B20ECAB3400C5F708 /* SnapKit.framework */,
				B381529D20ECAB3400C5F708 /* SwiftyJSON.framework */,
				B381529F20ECAB3400C5F708 /* Then.framework */,
				38F2E84EE659465F7898ED8A /* Pods_outfitoftoday.framework */,
			);
			name = Frameworks;
			sourceTree = "<group>";
		};
/* End PBXGroup section */

/* Begin PBXNativeTarget section */
		B359BDCD20D566AF0032E187 /* outfitoftoday */ = {
			isa = PBXNativeTarget;
			buildConfigurationList = B359BDE020D566B10032E187 /* Build configuration list for PBXNativeTarget "outfitoftoday" */;
			buildPhases = (
				4839B8BF2CB8742A8B3E3D19 /* [CP] Check Pods Manifest.lock */,
				B359BDCA20D566AF0032E187 /* Sources */,
				B359BDCB20D566AF0032E187 /* Frameworks */,
				B359BDCC20D566AF0032E187 /* Resources */,
				7D66DC26D9EDD4D18DF2A776 /* [CP] Embed Pods Frameworks */,
			);
			buildRules = (
			);
			dependencies = (
			);
			name = outfitoftoday;
			productName = outfitoftoday;
			productReference = B359BDCE20D566AF0032E187 /* outfitoftoday.app */;
			productType = "com.apple.product-type.application";
		};
		B3A3CDB220ECB35A00773D31 /* outfitoftodayTests */ = {
			isa = PBXNativeTarget;
			buildConfigurationList = B3A3CDBA20ECB35A00773D31 /* Build configuration list for PBXNativeTarget "outfitoftodayTests" */;
			buildPhases = (
				B3A3CDAF20ECB35A00773D31 /* Sources */,
				B3A3CDB020ECB35A00773D31 /* Frameworks */,
				B3A3CDB120ECB35A00773D31 /* Resources */,
			);
			buildRules = (
			);
			dependencies = (
				B3A3CDB920ECB35A00773D31 /* PBXTargetDependency */,
			);
			name = outfitoftodayTests;
			productName = outfitoftodayTests;
			productReference = B3A3CDB320ECB35A00773D31 /* outfitoftodayTests.xctest */;
			productType = "com.apple.product-type.bundle.unit-test";
		};
/* End PBXNativeTarget section */

/* Begin PBXProject section */
		B359BDC620D566AF0032E187 /* Project object */ = {
			isa = PBXProject;
			attributes = {
				LastSwiftUpdateCheck = 0940;
				LastUpgradeCheck = 0940;
				ORGANIZATIONNAME = LinSaeng;
				TargetAttributes = {
					B359BDCD20D566AF0032E187 = {
						CreatedOnToolsVersion = 9.4;
					};
					B3A3CDB220ECB35A00773D31 = {
						CreatedOnToolsVersion = 9.4;
						TestTargetID = B359BDCD20D566AF0032E187;
					};
				};
			};
			buildConfigurationList = B359BDC920D566AF0032E187 /* Build configuration list for PBXProject "outfitoftoday" */;
			compatibilityVersion = "Xcode 9.3";
			developmentRegion = en;
			hasScannedForEncodings = 0;
			knownRegions = (
				en,
				Base,
			);
			mainGroup = B359BDC520D566AF0032E187;
			productRefGroup = B359BDCF20D566AF0032E187 /* Products */;
			projectDirPath = "";
			projectRoot = "";
			targets = (
				B359BDCD20D566AF0032E187 /* outfitoftoday */,
				B3A3CDB220ECB35A00773D31 /* outfitoftodayTests */,
			);
		};
/* End PBXProject section */

/* Begin PBXResourcesBuildPhase section */
		B359BDCC20D566AF0032E187 /* Resources */ = {
			isa = PBXResourcesBuildPhase;
			buildActionMask = 2147483647;
			files = (
				B359BDDC20D566B10032E187 /* LaunchScreen.storyboard in Resources */,
				B359BDD920D566B10032E187 /* Assets.xcassets in Resources */,
			);
			runOnlyForDeploymentPostprocessing = 0;
		};
		B3A3CDB120ECB35A00773D31 /* Resources */ = {
			isa = PBXResourcesBuildPhase;
			buildActionMask = 2147483647;
			files = (
			);
			runOnlyForDeploymentPostprocessing = 0;
		};
/* End PBXResourcesBuildPhase section */

/* Begin PBXShellScriptBuildPhase section */
		4839B8BF2CB8742A8B3E3D19 /* [CP] Check Pods Manifest.lock */ = {
			isa = PBXShellScriptBuildPhase;
			buildActionMask = 2147483647;
			files = (
			);
			inputPaths = (
				"${PODS_PODFILE_DIR_PATH}/Podfile.lock",
				"${PODS_ROOT}/Manifest.lock",
			);
			name = "[CP] Check Pods Manifest.lock";
			outputPaths = (
				"$(DERIVED_FILE_DIR)/Pods-outfitoftoday-checkManifestLockResult.txt",
			);
			runOnlyForDeploymentPostprocessing = 0;
			shellPath = /bin/sh;
			shellScript = "diff \"${PODS_PODFILE_DIR_PATH}/Podfile.lock\" \"${PODS_ROOT}/Manifest.lock\" > /dev/null\nif [ $? != 0 ] ; then\n    # print error to STDERR\n    echo \"error: The sandbox is not in sync with the Podfile.lock. Run 'pod install' or update your CocoaPods installation.\" >&2\n    exit 1\nfi\n# This output is used by Xcode 'outputs' to avoid re-running this script phase.\necho \"SUCCESS\" > \"${SCRIPT_OUTPUT_FILE_0}\"\n";
			showEnvVarsInLog = 0;
		};
		7D66DC26D9EDD4D18DF2A776 /* [CP] Embed Pods Frameworks */ = {
			isa = PBXShellScriptBuildPhase;
			buildActionMask = 2147483647;
			files = (
			);
			inputPaths = (
				"${SRCROOT}/Pods/Target Support Files/Pods-outfitoftoday/Pods-outfitoftoday-frameworks.sh",
				"${BUILT_PRODUCTS_DIR}/Alamofire/Alamofire.framework",
				"${BUILT_PRODUCTS_DIR}/NVActivityIndicatorView/NVActivityIndicatorView.framework",
				"${BUILT_PRODUCTS_DIR}/ObjectMapper/ObjectMapper.framework",
				"${BUILT_PRODUCTS_DIR}/SnapKit/SnapKit.framework",
				"${BUILT_PRODUCTS_DIR}/SwiftyJSON/SwiftyJSON.framework",
				"${BUILT_PRODUCTS_DIR}/Then/Then.framework",
			);
			name = "[CP] Embed Pods Frameworks";
			outputPaths = (
				"${TARGET_BUILD_DIR}/${FRAMEWORKS_FOLDER_PATH}/Alamofire.framework",
				"${TARGET_BUILD_DIR}/${FRAMEWORKS_FOLDER_PATH}/NVActivityIndicatorView.framework",
				"${TARGET_BUILD_DIR}/${FRAMEWORKS_FOLDER_PATH}/ObjectMapper.framework",
				"${TARGET_BUILD_DIR}/${FRAMEWORKS_FOLDER_PATH}/SnapKit.framework",
				"${TARGET_BUILD_DIR}/${FRAMEWORKS_FOLDER_PATH}/SwiftyJSON.framework",
				"${TARGET_BUILD_DIR}/${FRAMEWORKS_FOLDER_PATH}/Then.framework",
			);
			runOnlyForDeploymentPostprocessing = 0;
			shellPath = /bin/sh;
			shellScript = "\"${SRCROOT}/Pods/Target Support Files/Pods-outfitoftoday/Pods-outfitoftoday-frameworks.sh\"\n";
			showEnvVarsInLog = 0;
		};
/* End PBXShellScriptBuildPhase section */

/* Begin PBXSourcesBuildPhase section */
		B359BDCA20D566AF0032E187 /* Sources */ = {
			isa = PBXSourcesBuildPhase;
			buildActionMask = 2147483647;
			files = (
				B3201DDA210BD90700E58DE7 /* TemperaturesModel.swift in Sources */,
				B30E0C47210AED910038CF7A /* OOTPageViewController.swift in Sources */,
				B3C1E68C2109BD3C00A7CA7E /* SecondViewController.swift in Sources */,
				B30E0C53210AF56D0038CF7A /* OOTWeatherService.swift in Sources */,
				B3A57003210B71070063C36D /* NVIndicatorView.swift in Sources */,
				B3C1E68A2109BD0200A7CA7E /* OOTWeatherViewCotnroller.swift in Sources */,
				B3C1E6882109BC8300A7CA7E /* RootPageViewController.swift in Sources */,
				B30E0C4D210AF2CC0038CF7A /* BaseView.swift in Sources */,
				B30E0C4B210AF0140038CF7A /* BaseVC.swift in Sources */,
				B32725EC210B060B00CE0FFC /* AlartController+.swift in Sources */,
				B36E3DD5210B41A100E24C4D /* BackgroundsModel.swift in Sources */,
				B3201DD8210BD68000E58DE7 /* LocationView.swift in Sources */,
				B32725EF210B07C300CE0FFC /* Data+.swift in Sources */,
				B359BDD220D566AF0032E187 /* AppDelegate.swift in Sources */,
			);
			runOnlyForDeploymentPostprocessing = 0;
		};
		B3A3CDAF20ECB35A00773D31 /* Sources */ = {
			isa = PBXSourcesBuildPhase;
			buildActionMask = 2147483647;
			files = (
				B3A3CDB620ECB35A00773D31 /* outfitoftodayTests.swift in Sources */,
			);
			runOnlyForDeploymentPostprocessing = 0;
		};
/* End PBXSourcesBuildPhase section */

/* Begin PBXTargetDependency section */
		B3A3CDB920ECB35A00773D31 /* PBXTargetDependency */ = {
			isa = PBXTargetDependency;
			target = B359BDCD20D566AF0032E187 /* outfitoftoday */;
			targetProxy = B3A3CDB820ECB35A00773D31 /* PBXContainerItemProxy */;
		};
/* End PBXTargetDependency section */

/* Begin PBXVariantGroup section */
		B359BDDA20D566B10032E187 /* LaunchScreen.storyboard */ = {
			isa = PBXVariantGroup;
			children = (
				B359BDDB20D566B10032E187 /* Base */,
			);
			name = LaunchScreen.storyboard;
			sourceTree = "<group>";
		};
/* End PBXVariantGroup section */

/* Begin XCBuildConfiguration section */
		B359BDDE20D566B10032E187 /* Debug */ = {
			isa = XCBuildConfiguration;
			buildSettings = {
				ALWAYS_SEARCH_USER_PATHS = NO;
				CLANG_ANALYZER_NONNULL = YES;
				CLANG_ANALYZER_NUMBER_OBJECT_CONVERSION = YES_AGGRESSIVE;
				CLANG_CXX_LANGUAGE_STANDARD = "gnu++14";
				CLANG_CXX_LIBRARY = "libc++";
				CLANG_ENABLE_MODULES = YES;
				CLANG_ENABLE_OBJC_ARC = YES;
				CLANG_ENABLE_OBJC_WEAK = YES;
				CLANG_WARN_BLOCK_CAPTURE_AUTORELEASING = YES;
				CLANG_WARN_BOOL_CONVERSION = YES;
				CLANG_WARN_COMMA = YES;
				CLANG_WARN_CONSTANT_CONVERSION = YES;
				CLANG_WARN_DEPRECATED_OBJC_IMPLEMENTATIONS = YES;
				CLANG_WARN_DIRECT_OBJC_ISA_USAGE = YES_ERROR;
				CLANG_WARN_DOCUMENTATION_COMMENTS = YES;
				CLANG_WARN_EMPTY_BODY = YES;
				CLANG_WARN_ENUM_CONVERSION = YES;
				CLANG_WARN_INFINITE_RECURSION = YES;
				CLANG_WARN_INT_CONVERSION = YES;
				CLANG_WARN_NON_LITERAL_NULL_CONVERSION = YES;
				CLANG_WARN_OBJC_IMPLICIT_RETAIN_SELF = YES;
				CLANG_WARN_OBJC_LITERAL_CONVERSION = YES;
				CLANG_WARN_OBJC_ROOT_CLASS = YES_ERROR;
				CLANG_WARN_RANGE_LOOP_ANALYSIS = YES;
				CLANG_WARN_STRICT_PROTOTYPES = YES;
				CLANG_WARN_SUSPICIOUS_MOVE = YES;
				CLANG_WARN_UNGUARDED_AVAILABILITY = YES_AGGRESSIVE;
				CLANG_WARN_UNREACHABLE_CODE = YES;
				CLANG_WARN__DUPLICATE_METHOD_MATCH = YES;
				CODE_SIGN_IDENTITY = "iPhone Developer";
				COPY_PHASE_STRIP = NO;
				DEBUG_INFORMATION_FORMAT = dwarf;
				ENABLE_STRICT_OBJC_MSGSEND = YES;
				ENABLE_TESTABILITY = YES;
				GCC_C_LANGUAGE_STANDARD = gnu11;
				GCC_DYNAMIC_NO_PIC = NO;
				GCC_NO_COMMON_BLOCKS = YES;
				GCC_OPTIMIZATION_LEVEL = 0;
				GCC_PREPROCESSOR_DEFINITIONS = (
					"DEBUG=1",
					"$(inherited)",
				);
				GCC_WARN_64_TO_32_BIT_CONVERSION = YES;
				GCC_WARN_ABOUT_RETURN_TYPE = YES_ERROR;
				GCC_WARN_UNDECLARED_SELECTOR = YES;
				GCC_WARN_UNINITIALIZED_AUTOS = YES_AGGRESSIVE;
				GCC_WARN_UNUSED_FUNCTION = YES;
				GCC_WARN_UNUSED_VARIABLE = YES;
				IPHONEOS_DEPLOYMENT_TARGET = 11.4;
				MTL_ENABLE_DEBUG_INFO = YES;
				ONLY_ACTIVE_ARCH = YES;
				SDKROOT = iphoneos;
				SWIFT_ACTIVE_COMPILATION_CONDITIONS = DEBUG;
				SWIFT_OPTIMIZATION_LEVEL = "-Onone";
			};
			name = Debug;
		};
		B359BDDF20D566B10032E187 /* Release */ = {
			isa = XCBuildConfiguration;
			buildSettings = {
				ALWAYS_SEARCH_USER_PATHS = NO;
				CLANG_ANALYZER_NONNULL = YES;
				CLANG_ANALYZER_NUMBER_OBJECT_CONVERSION = YES_AGGRESSIVE;
				CLANG_CXX_LANGUAGE_STANDARD = "gnu++14";
				CLANG_CXX_LIBRARY = "libc++";
				CLANG_ENABLE_MODULES = YES;
				CLANG_ENABLE_OBJC_ARC = YES;
				CLANG_ENABLE_OBJC_WEAK = YES;
				CLANG_WARN_BLOCK_CAPTURE_AUTORELEASING = YES;
				CLANG_WARN_BOOL_CONVERSION = YES;
				CLANG_WARN_COMMA = YES;
				CLANG_WARN_CONSTANT_CONVERSION = YES;
				CLANG_WARN_DEPRECATED_OBJC_IMPLEMENTATIONS = YES;
				CLANG_WARN_DIRECT_OBJC_ISA_USAGE = YES_ERROR;
				CLANG_WARN_DOCUMENTATION_COMMENTS = YES;
				CLANG_WARN_EMPTY_BODY = YES;
				CLANG_WARN_ENUM_CONVERSION = YES;
				CLANG_WARN_INFINITE_RECURSION = YES;
				CLANG_WARN_INT_CONVERSION = YES;
				CLANG_WARN_NON_LITERAL_NULL_CONVERSION = YES;
				CLANG_WARN_OBJC_IMPLICIT_RETAIN_SELF = YES;
				CLANG_WARN_OBJC_LITERAL_CONVERSION = YES;
				CLANG_WARN_OBJC_ROOT_CLASS = YES_ERROR;
				CLANG_WARN_RANGE_LOOP_ANALYSIS = YES;
				CLANG_WARN_STRICT_PROTOTYPES = YES;
				CLANG_WARN_SUSPICIOUS_MOVE = YES;
				CLANG_WARN_UNGUARDED_AVAILABILITY = YES_AGGRESSIVE;
				CLANG_WARN_UNREACHABLE_CODE = YES;
				CLANG_WARN__DUPLICATE_METHOD_MATCH = YES;
				CODE_SIGN_IDENTITY = "iPhone Developer";
				COPY_PHASE_STRIP = NO;
				DEBUG_INFORMATION_FORMAT = "dwarf-with-dsym";
				ENABLE_NS_ASSERTIONS = NO;
				ENABLE_STRICT_OBJC_MSGSEND = YES;
				GCC_C_LANGUAGE_STANDARD = gnu11;
				GCC_NO_COMMON_BLOCKS = YES;
				GCC_WARN_64_TO_32_BIT_CONVERSION = YES;
				GCC_WARN_ABOUT_RETURN_TYPE = YES_ERROR;
				GCC_WARN_UNDECLARED_SELECTOR = YES;
				GCC_WARN_UNINITIALIZED_AUTOS = YES_AGGRESSIVE;
				GCC_WARN_UNUSED_FUNCTION = YES;
				GCC_WARN_UNUSED_VARIABLE = YES;
				IPHONEOS_DEPLOYMENT_TARGET = 11.4;
				MTL_ENABLE_DEBUG_INFO = NO;
				SDKROOT = iphoneos;
				SWIFT_COMPILATION_MODE = wholemodule;
				SWIFT_OPTIMIZATION_LEVEL = "-O";
				VALIDATE_PRODUCT = YES;
			};
			name = Release;
		};
		B359BDE120D566B10032E187 /* Debug */ = {
			isa = XCBuildConfiguration;
			baseConfigurationReference = 582B9068E764BA7F495C82E3 /* Pods-outfitoftoday.debug.xcconfig */;
			buildSettings = {
				ASSETCATALOG_COMPILER_APPICON_NAME = AppIcon;
				CODE_SIGN_STYLE = Automatic;
				DEVELOPMENT_TEAM = 524TVTU6B9;
				INFOPLIST_FILE = "$(SRCROOT)/outfitoftoday/SurpportFile/Info.plist";
				IPHONEOS_DEPLOYMENT_TARGET = 11.0;
				LD_RUNPATH_SEARCH_PATHS = (
					"$(inherited)",
					"@executable_path/Frameworks",
				);
				PRODUCT_BUNDLE_IDENTIFIER = com.bulepaprika.outfitoftoday;
				PRODUCT_NAME = "$(TARGET_NAME)";
				SWIFT_VERSION = 4.0;
				TARGETED_DEVICE_FAMILY = 1;
			};
			name = Debug;
		};
		B359BDE220D566B10032E187 /* Release */ = {
			isa = XCBuildConfiguration;
			baseConfigurationReference = 1AFA2A638707CB78F55C25C0 /* Pods-outfitoftoday.release.xcconfig */;
			buildSettings = {
				ASSETCATALOG_COMPILER_APPICON_NAME = AppIcon;
				CODE_SIGN_STYLE = Automatic;
				DEVELOPMENT_TEAM = 524TVTU6B9;
				INFOPLIST_FILE = "$(SRCROOT)/outfitoftoday/SurpportFile/Info.plist";
				IPHONEOS_DEPLOYMENT_TARGET = 11.0;
				LD_RUNPATH_SEARCH_PATHS = (
					"$(inherited)",
					"@executable_path/Frameworks",
				);
				PRODUCT_BUNDLE_IDENTIFIER = com.bulepaprika.outfitoftoday;
				PRODUCT_NAME = "$(TARGET_NAME)";
				SWIFT_VERSION = 4.0;
				TARGETED_DEVICE_FAMILY = 1;
			};
			name = Release;
		};
		B3A3CDBB20ECB35A00773D31 /* Debug */ = {
			isa = XCBuildConfiguration;
			buildSettings = {
				BUNDLE_LOADER = "$(TEST_HOST)";
				CODE_SIGN_STYLE = Automatic;
				DEVELOPMENT_TEAM = 524TVTU6B9;
				INFOPLIST_FILE = outfitoftodayTests/Info.plist;
				LD_RUNPATH_SEARCH_PATHS = (
					"$(inherited)",
					"@executable_path/Frameworks",
					"@loader_path/Frameworks",
				);
				PRODUCT_BUNDLE_IDENTIFIER = com.bulepaprika.outfitoftodayTests;
				PRODUCT_NAME = "$(TARGET_NAME)";
				SWIFT_VERSION = 4.0;
				TARGETED_DEVICE_FAMILY = "1,2";
				TEST_HOST = "$(BUILT_PRODUCTS_DIR)/outfitoftoday.app/outfitoftoday";
			};
			name = Debug;
		};
		B3A3CDBC20ECB35A00773D31 /* Release */ = {
			isa = XCBuildConfiguration;
			buildSettings = {
				BUNDLE_LOADER = "$(TEST_HOST)";
				CODE_SIGN_STYLE = Automatic;
				DEVELOPMENT_TEAM = 524TVTU6B9;
				INFOPLIST_FILE = outfitoftodayTests/Info.plist;
				LD_RUNPATH_SEARCH_PATHS = (
					"$(inherited)",
					"@executable_path/Frameworks",
					"@loader_path/Frameworks",
				);
				PRODUCT_BUNDLE_IDENTIFIER = com.bulepaprika.outfitoftodayTests;
				PRODUCT_NAME = "$(TARGET_NAME)";
				SWIFT_VERSION = 4.0;
				TARGETED_DEVICE_FAMILY = "1,2";
				TEST_HOST = "$(BUILT_PRODUCTS_DIR)/outfitoftoday.app/outfitoftoday";
			};
			name = Release;
		};
/* End XCBuildConfiguration section */

/* Begin XCConfigurationList section */
		B359BDC920D566AF0032E187 /* Build configuration list for PBXProject "outfitoftoday" */ = {
			isa = XCConfigurationList;
			buildConfigurations = (
				B359BDDE20D566B10032E187 /* Debug */,
				B359BDDF20D566B10032E187 /* Release */,
			);
			defaultConfigurationIsVisible = 0;
			defaultConfigurationName = Release;
		};
		B359BDE020D566B10032E187 /* Build configuration list for PBXNativeTarget "outfitoftoday" */ = {
			isa = XCConfigurationList;
			buildConfigurations = (
				B359BDE120D566B10032E187 /* Debug */,
				B359BDE220D566B10032E187 /* Release */,
			);
			defaultConfigurationIsVisible = 0;
			defaultConfigurationName = Release;
		};
		B3A3CDBA20ECB35A00773D31 /* Build configuration list for PBXNativeTarget "outfitoftodayTests" */ = {
			isa = XCConfigurationList;
			buildConfigurations = (
				B3A3CDBB20ECB35A00773D31 /* Debug */,
				B3A3CDBC20ECB35A00773D31 /* Release */,
			);
			defaultConfigurationIsVisible = 0;
			defaultConfigurationName = Release;
		};
/* End XCConfigurationList section */
	};
	rootObject = B359BDC620D566AF0032E187 /* Project object */;
}
