// !$*UTF8*$!
{
	archiveVersion = 1;
	classes = {
	};
	objectVersion = 50;
	objects = {

/* Begin PBXBuildFile section */
		52BE9C79F9BF6C885298CF89 /* Pods_outfitoftoday.framework in Frameworks */ = {isa = PBXBuildFile; fileRef = 38F2E84EE659465F7898ED8A /* Pods_outfitoftoday.framework */; };
		B32A98CF20D56930003EBA31 /* View+.swift in Sources */ = {isa = PBXBuildFile; fileRef = B32A98CE20D56930003EBA31 /* View+.swift */; };
		B32A98D220D56937003EBA31 /* BaseVC.swift in Sources */ = {isa = PBXBuildFile; fileRef = B32A98D020D56937003EBA31 /* BaseVC.swift */; };
		B32A98D320D56937003EBA31 /* BaseView.swift in Sources */ = {isa = PBXBuildFile; fileRef = B32A98D120D56937003EBA31 /* BaseView.swift */; };
		B32A98D520D56941003EBA31 /* MainCollectionView.swift in Sources */ = {isa = PBXBuildFile; fileRef = B32A98D420D56941003EBA31 /* MainCollectionView.swift */; };
		B32A98D720D56947003EBA31 /* MainCollectionViewCell.swift in Sources */ = {isa = PBXBuildFile; fileRef = B32A98D620D56947003EBA31 /* MainCollectionViewCell.swift */; };
		B359BDD220D566AF0032E187 /* AppDelegate.swift in Sources */ = {isa = PBXBuildFile; fileRef = B359BDD120D566AF0032E187 /* AppDelegate.swift */; };
		B359BDD920D566B10032E187 /* Assets.xcassets in Resources */ = {isa = PBXBuildFile; fileRef = B359BDD820D566B10032E187 /* Assets.xcassets */; };
		B359BDDC20D566B10032E187 /* LaunchScreen.storyboard in Resources */ = {isa = PBXBuildFile; fileRef = B359BDDA20D566B10032E187 /* LaunchScreen.storyboard */; };
		B3C7BBA620D568E9003D7CB2 /* Network.swift in Sources */ = {isa = PBXBuildFile; fileRef = B3C7BBA420D568E9003D7CB2 /* Network.swift */; };
		B3C7BBA720D568E9003D7CB2 /* Strings.swift in Sources */ = {isa = PBXBuildFile; fileRef = B3C7BBA520D568E9003D7CB2 /* Strings.swift */; };
/* End PBXBuildFile section */

/* Begin PBXFileReference section */
		1AFA2A638707CB78F55C25C0 /* Pods-outfitoftoday.release.xcconfig */ = {isa = PBXFileReference; includeInIndex = 1; lastKnownFileType = text.xcconfig; name = "Pods-outfitoftoday.release.xcconfig"; path = "Pods/Target Support Files/Pods-outfitoftoday/Pods-outfitoftoday.release.xcconfig"; sourceTree = "<group>"; };
		38F2E84EE659465F7898ED8A /* Pods_outfitoftoday.framework */ = {isa = PBXFileReference; explicitFileType = wrapper.framework; includeInIndex = 0; path = Pods_outfitoftoday.framework; sourceTree = BUILT_PRODUCTS_DIR; };
		582B9068E764BA7F495C82E3 /* Pods-outfitoftoday.debug.xcconfig */ = {isa = PBXFileReference; includeInIndex = 1; lastKnownFileType = text.xcconfig; name = "Pods-outfitoftoday.debug.xcconfig"; path = "Pods/Target Support Files/Pods-outfitoftoday/Pods-outfitoftoday.debug.xcconfig"; sourceTree = "<group>"; };
		B32A98CE20D56930003EBA31 /* View+.swift */ = {isa = PBXFileReference; fileEncoding = 4; lastKnownFileType = sourcecode.swift; path = "View+.swift"; sourceTree = "<group>"; };
		B32A98D020D56937003EBA31 /* BaseVC.swift */ = {isa = PBXFileReference; fileEncoding = 4; lastKnownFileType = sourcecode.swift; path = BaseVC.swift; sourceTree = "<group>"; };
		B32A98D120D56937003EBA31 /* BaseView.swift */ = {isa = PBXFileReference; fileEncoding = 4; lastKnownFileType = sourcecode.swift; path = BaseView.swift; sourceTree = "<group>"; };
		B32A98D420D56941003EBA31 /* MainCollectionView.swift */ = {isa = PBXFileReference; fileEncoding = 4; lastKnownFileType = sourcecode.swift; path = MainCollectionView.swift; sourceTree = "<group>"; };
		B32A98D620D56947003EBA31 /* MainCollectionViewCell.swift */ = {isa = PBXFileReference; fileEncoding = 4; lastKnownFileType = sourcecode.swift; path = MainCollectionViewCell.swift; sourceTree = "<group>"; };
		B359BDCE20D566AF0032E187 /* outfitoftoday.app */ = {isa = PBXFileReference; explicitFileType = wrapper.application; includeInIndex = 0; path = outfitoftoday.app; sourceTree = BUILT_PRODUCTS_DIR; };
		B359BDD120D566AF0032E187 /* AppDelegate.swift */ = {isa = PBXFileReference; lastKnownFileType = sourcecode.swift; path = AppDelegate.swift; sourceTree = "<group>"; };
		B359BDD820D566B10032E187 /* Assets.xcassets */ = {isa = PBXFileReference; lastKnownFileType = folder.assetcatalog; path = Assets.xcassets; sourceTree = "<group>"; };
		B359BDDB20D566B10032E187 /* Base */ = {isa = PBXFileReference; lastKnownFileType = file.storyboard; name = Base; path = Base.lproj/LaunchScreen.storyboard; sourceTree = "<group>"; };
		B359BDDD20D566B10032E187 /* Info.plist */ = {isa = PBXFileReference; lastKnownFileType = text.plist.xml; path = Info.plist; sourceTree = "<group>"; };
		B3C7BBA420D568E9003D7CB2 /* Network.swift */ = {isa = PBXFileReference; fileEncoding = 4; lastKnownFileType = sourcecode.swift; path = Network.swift; sourceTree = "<group>"; };
		B3C7BBA520D568E9003D7CB2 /* Strings.swift */ = {isa = PBXFileReference; fileEncoding = 4; lastKnownFileType = sourcecode.swift; path = Strings.swift; sourceTree = "<group>"; };
/* End PBXFileReference section */

/* Begin PBXFrameworksBuildPhase section */
		B359BDCB20D566AF0032E187 /* Frameworks */ = {
			isa = PBXFrameworksBuildPhase;
			buildActionMask = 2147483647;
			files = (
				52BE9C79F9BF6C885298CF89 /* Pods_outfitoftoday.framework in Frameworks */,
			);
			runOnlyForDeploymentPostprocessing = 0;
		};
/* End PBXFrameworksBuildPhase section */

/* Begin PBXGroup section */
		2FD15F82295B88414E2365C9 /* Pods */ = {
			isa = PBXGroup;
			children = (
				582B9068E764BA7F495C82E3 /* Pods-outfitoftoday.debug.xcconfig */,
				1AFA2A638707CB78F55C25C0 /* Pods-outfitoftoday.release.xcconfig */,
			);
			name = Pods;
			sourceTree = "<group>";
		};
		B32A98CD20D5691F003EBA31 /* Setting */ = {
			isa = PBXGroup;
			children = (
				B32A98D020D56937003EBA31 /* BaseVC.swift */,
				B32A98D120D56937003EBA31 /* BaseView.swift */,
			);
			path = Setting;
			sourceTree = "<group>";
		};
		B359BDC520D566AF0032E187 = {
			isa = PBXGroup;
			children = (
				B359BDD020D566AF0032E187 /* outfitoftoday */,
				B359BDCF20D566AF0032E187 /* Products */,
				2FD15F82295B88414E2365C9 /* Pods */,
				F4BB7F4976E680E0AD567C04 /* Frameworks */,
			);
			sourceTree = "<group>";
		};
		B359BDCF20D566AF0032E187 /* Products */ = {
			isa = PBXGroup;
			children = (
				B359BDCE20D566AF0032E187 /* outfitoftoday.app */,
			);
			name = Products;
			sourceTree = "<group>";
		};
		B359BDD020D566AF0032E187 /* outfitoftoday */ = {
			isa = PBXGroup;
			children = (
				B359BDD120D566AF0032E187 /* AppDelegate.swift */,
				B3C7BBA220D56874003D7CB2 /* VC */,
				B3C7BBA120D56870003D7CB2 /* View */,
				B3C7BBA020D56862003D7CB2 /* Common */,
				B3C7BBA320D5687A003D7CB2 /* SurpportFile */,
			);
			path = outfitoftoday;
			sourceTree = "<group>";
		};
		B3C7BBA020D56862003D7CB2 /* Common */ = {
			isa = PBXGroup;
			children = (
				B32A98CD20D5691F003EBA31 /* Setting */,
				B3C7BBA820D568EC003D7CB2 /* Extension */,
				B3C7BBA420D568E9003D7CB2 /* Network.swift */,
				B3C7BBA520D568E9003D7CB2 /* Strings.swift */,
			);
			path = Common;
			sourceTree = "<group>";
		};
		B3C7BBA120D56870003D7CB2 /* View */ = {
			isa = PBXGroup;
			children = (
				B32A98D620D56947003EBA31 /* MainCollectionViewCell.swift */,
			);
			path = View;
			sourceTree = "<group>";
		};
		B3C7BBA220D56874003D7CB2 /* VC */ = {
			isa = PBXGroup;
			children = (
				B32A98D420D56941003EBA31 /* MainCollectionView.swift */,
			);
			path = VC;
			sourceTree = "<group>";
		};
		B3C7BBA320D5687A003D7CB2 /* SurpportFile */ = {
			isa = PBXGroup;
			children = (
				B359BDD820D566B10032E187 /* Assets.xcassets */,
				B359BDDA20D566B10032E187 /* LaunchScreen.storyboard */,
				B359BDDD20D566B10032E187 /* Info.plist */,
			);
			path = SurpportFile;
			sourceTree = "<group>";
		};
		B3C7BBA820D568EC003D7CB2 /* Extension */ = {
			isa = PBXGroup;
			children = (
				B32A98CE20D56930003EBA31 /* View+.swift */,
			);
			path = Extension;
			sourceTree = "<group>";
		};
		F4BB7F4976E680E0AD567C04 /* Frameworks */ = {
			isa = PBXGroup;
			children = (
				38F2E84EE659465F7898ED8A /* Pods_outfitoftoday.framework */,
			);
			name = Frameworks;
			sourceTree = "<group>";
		};
/* End PBXGroup section */

/* Begin PBXNativeTarget section */
		B359BDCD20D566AF0032E187 /* outfitoftoday */ = {
			isa = PBXNativeTarget;
			buildConfigurationList = B359BDE020D566B10032E187 /* Build configuration list for PBXNativeTarget "outfitoftoday" */;
			buildPhases = (
				4839B8BF2CB8742A8B3E3D19 /* [CP] Check Pods Manifest.lock */,
				B359BDCA20D566AF0032E187 /* Sources */,
				B359BDCB20D566AF0032E187 /* Frameworks */,
				B359BDCC20D566AF0032E187 /* Resources */,
				7D66DC26D9EDD4D18DF2A776 /* [CP] Embed Pods Frameworks */,
			);
			buildRules = (
			);
			dependencies = (
			);
			name = outfitoftoday;
			productName = outfitoftoday;
			productReference = B359BDCE20D566AF0032E187 /* outfitoftoday.app */;
			productType = "com.apple.product-type.application";
		};
/* End PBXNativeTarget section */

/* Begin PBXProject section */
		B359BDC620D566AF0032E187 /* Project object */ = {
			isa = PBXProject;
			attributes = {
				LastSwiftUpdateCheck = 0940;
				LastUpgradeCheck = 0940;
				ORGANIZATIONNAME = LinSaeng;
				TargetAttributes = {
					B359BDCD20D566AF0032E187 = {
						CreatedOnToolsVersion = 9.4;
					};
				};
			};
			buildConfigurationList = B359BDC920D566AF0032E187 /* Build configuration list for PBXProject "outfitoftoday" */;
			compatibilityVersion = "Xcode 9.3";
			developmentRegion = en;
			hasScannedForEncodings = 0;
			knownRegions = (
				en,
				Base,
			);
			mainGroup = B359BDC520D566AF0032E187;
			productRefGroup = B359BDCF20D566AF0032E187 /* Products */;
			projectDirPath = "";
			projectRoot = "";
			targets = (
				B359BDCD20D566AF0032E187 /* outfitoftoday */,
			);
		};
/* End PBXProject section */

/* Begin PBXResourcesBuildPhase section */
		B359BDCC20D566AF0032E187 /* Resources */ = {
			isa = PBXResourcesBuildPhase;
			buildActionMask = 2147483647;
			files = (
				B359BDDC20D566B10032E187 /* LaunchScreen.storyboard in Resources */,
				B359BDD920D566B10032E187 /* Assets.xcassets in Resources */,
			);
			runOnlyForDeploymentPostprocessing = 0;
		};
/* End PBXResourcesBuildPhase section */

/* Begin PBXShellScriptBuildPhase section */
		4839B8BF2CB8742A8B3E3D19 /* [CP] Check Pods Manifest.lock */ = {
			isa = PBXShellScriptBuildPhase;
			buildActionMask = 2147483647;
			files = (
			);
			inputPaths = (
				"${PODS_PODFILE_DIR_PATH}/Podfile.lock",
				"${PODS_ROOT}/Manifest.lock",
			);
			name = "[CP] Check Pods Manifest.lock";
			outputPaths = (
				"$(DERIVED_FILE_DIR)/Pods-outfitoftoday-checkManifestLockResult.txt",
			);
			runOnlyForDeploymentPostprocessing = 0;
			shellPath = /bin/sh;
			shellScript = "diff \"${PODS_PODFILE_DIR_PATH}/Podfile.lock\" \"${PODS_ROOT}/Manifest.lock\" > /dev/null\nif [ $? != 0 ] ; then\n    # print error to STDERR\n    echo \"error: The sandbox is not in sync with the Podfile.lock. Run 'pod install' or update your CocoaPods installation.\" >&2\n    exit 1\nfi\n# This output is used by Xcode 'outputs' to avoid re-running this script phase.\necho \"SUCCESS\" > \"${SCRIPT_OUTPUT_FILE_0}\"\n";
			showEnvVarsInLog = 0;
		};
		7D66DC26D9EDD4D18DF2A776 /* [CP] Embed Pods Frameworks */ = {
			isa = PBXShellScriptBuildPhase;
			buildActionMask = 2147483647;
			files = (
			);
			inputPaths = (
				"${SRCROOT}/Pods/Target Support Files/Pods-outfitoftoday/Pods-outfitoftoday-frameworks.sh",
				"${BUILT_PRODUCTS_DIR}/Alamofire/Alamofire.framework",
				"${BUILT_PRODUCTS_DIR}/SnapKit/SnapKit.framework",
				"${BUILT_PRODUCTS_DIR}/SwiftyJSON/SwiftyJSON.framework",
				"${BUILT_PRODUCTS_DIR}/Then/Then.framework",
			);
			name = "[CP] Embed Pods Frameworks";
			outputPaths = (
				"${TARGET_BUILD_DIR}/${FRAMEWORKS_FOLDER_PATH}/Alamofire.framework",
				"${TARGET_BUILD_DIR}/${FRAMEWORKS_FOLDER_PATH}/SnapKit.framework",
				"${TARGET_BUILD_DIR}/${FRAMEWORKS_FOLDER_PATH}/SwiftyJSON.framework",
				"${TARGET_BUILD_DIR}/${FRAMEWORKS_FOLDER_PATH}/Then.framework",
			);
			runOnlyForDeploymentPostprocessing = 0;
			shellPath = /bin/sh;
			shellScript = "\"${SRCROOT}/Pods/Target Support Files/Pods-outfitoftoday/Pods-outfitoftoday-frameworks.sh\"\n";
			showEnvVarsInLog = 0;
		};
/* End PBXShellScriptBuildPhase section */

/* Begin PBXSourcesBuildPhase section */
		B359BDCA20D566AF0032E187 /* Sources */ = {
			isa = PBXSourcesBuildPhase;
			buildActionMask = 2147483647;
			files = (
				B32A98D520D56941003EBA31 /* MainCollectionView.swift in Sources */,
				B32A98CF20D56930003EBA31 /* View+.swift in Sources */,
				B3C7BBA620D568E9003D7CB2 /* Network.swift in Sources */,
				B32A98D720D56947003EBA31 /* MainCollectionViewCell.swift in Sources */,
				B3C7BBA720D568E9003D7CB2 /* Strings.swift in Sources */,
				B32A98D320D56937003EBA31 /* BaseView.swift in Sources */,
				B359BDD220D566AF0032E187 /* AppDelegate.swift in Sources */,
				B32A98D220D56937003EBA31 /* BaseVC.swift in Sources */,
			);
			runOnlyForDeploymentPostprocessing = 0;
		};
/* End PBXSourcesBuildPhase section */

/* Begin PBXVariantGroup section */
		B359BDDA20D566B10032E187 /* LaunchScreen.storyboard */ = {
			isa = PBXVariantGroup;
			children = (
				B359BDDB20D566B10032E187 /* Base */,
			);
			name = LaunchScreen.storyboard;
			sourceTree = "<group>";
		};
/* End PBXVariantGroup section */

/* Begin XCBuildConfiguration section */
		B359BDDE20D566B10032E187 /* Debug */ = {
			isa = XCBuildConfiguration;
			buildSettings = {
				ALWAYS_SEARCH_USER_PATHS = NO;
				CLANG_ANALYZER_NONNULL = YES;
				CLANG_ANALYZER_NUMBER_OBJECT_CONVERSION = YES_AGGRESSIVE;
				CLANG_CXX_LANGUAGE_STANDARD = "gnu++14";
				CLANG_CXX_LIBRARY = "libc++";
				CLANG_ENABLE_MODULES = YES;
				CLANG_ENABLE_OBJC_ARC = YES;
				CLANG_ENABLE_OBJC_WEAK = YES;
				CLANG_WARN_BLOCK_CAPTURE_AUTORELEASING = YES;
				CLANG_WARN_BOOL_CONVERSION = YES;
				CLANG_WARN_COMMA = YES;
				CLANG_WARN_CONSTANT_CONVERSION = YES;
				CLANG_WARN_DEPRECATED_OBJC_IMPLEMENTATIONS = YES;
				CLANG_WARN_DIRECT_OBJC_ISA_USAGE = YES_ERROR;
				CLANG_WARN_DOCUMENTATION_COMMENTS = YES;
				CLANG_WARN_EMPTY_BODY = YES;
				CLANG_WARN_ENUM_CONVERSION = YES;
				CLANG_WARN_INFINITE_RECURSION = YES;
				CLANG_WARN_INT_CONVERSION = YES;
				CLANG_WARN_NON_LITERAL_NULL_CONVERSION = YES;
				CLANG_WARN_OBJC_IMPLICIT_RETAIN_SELF = YES;
				CLANG_WARN_OBJC_LITERAL_CONVERSION = YES;
				CLANG_WARN_OBJC_ROOT_CLASS = YES_ERROR;
				CLANG_WARN_RANGE_LOOP_ANALYSIS = YES;
				CLANG_WARN_STRICT_PROTOTYPES = YES;
				CLANG_WARN_SUSPICIOUS_MOVE = YES;
				CLANG_WARN_UNGUARDED_AVAILABILITY = YES_AGGRESSIVE;
				CLANG_WARN_UNREACHABLE_CODE = YES;
				CLANG_WARN__DUPLICATE_METHOD_MATCH = YES;
				CODE_SIGN_IDENTITY = "iPhone Developer";
				COPY_PHASE_STRIP = NO;
				DEBUG_INFORMATION_FORMAT = dwarf;
				ENABLE_STRICT_OBJC_MSGSEND = YES;
				ENABLE_TESTABILITY = YES;
				GCC_C_LANGUAGE_STANDARD = gnu11;
				GCC_DYNAMIC_NO_PIC = NO;
				GCC_NO_COMMON_BLOCKS = YES;
				GCC_OPTIMIZATION_LEVEL = 0;
				GCC_PREPROCESSOR_DEFINITIONS = (
					"DEBUG=1",
					"$(inherited)",
				);
				GCC_WARN_64_TO_32_BIT_CONVERSION = YES;
				GCC_WARN_ABOUT_RETURN_TYPE = YES_ERROR;
				GCC_WARN_UNDECLARED_SELECTOR = YES;
				GCC_WARN_UNINITIALIZED_AUTOS = YES_AGGRESSIVE;
				GCC_WARN_UNUSED_FUNCTION = YES;
				GCC_WARN_UNUSED_VARIABLE = YES;
				IPHONEOS_DEPLOYMENT_TARGET = 11.4;
				MTL_ENABLE_DEBUG_INFO = YES;
				ONLY_ACTIVE_ARCH = YES;
				SDKROOT = iphoneos;
				SWIFT_ACTIVE_COMPILATION_CONDITIONS = DEBUG;
				SWIFT_OPTIMIZATION_LEVEL = "-Onone";
			};
			name = Debug;
		};
		B359BDDF20D566B10032E187 /* Release */ = {
			isa = XCBuildConfiguration;
			buildSettings = {
				ALWAYS_SEARCH_USER_PATHS = NO;
				CLANG_ANALYZER_NONNULL = YES;
				CLANG_ANALYZER_NUMBER_OBJECT_CONVERSION = YES_AGGRESSIVE;
				CLANG_CXX_LANGUAGE_STANDARD = "gnu++14";
				CLANG_CXX_LIBRARY = "libc++";
				CLANG_ENABLE_MODULES = YES;
				CLANG_ENABLE_OBJC_ARC = YES;
				CLANG_ENABLE_OBJC_WEAK = YES;
				CLANG_WARN_BLOCK_CAPTURE_AUTORELEASING = YES;
				CLANG_WARN_BOOL_CONVERSION = YES;
				CLANG_WARN_COMMA = YES;
				CLANG_WARN_CONSTANT_CONVERSION = YES;
				CLANG_WARN_DEPRECATED_OBJC_IMPLEMENTATIONS = YES;
				CLANG_WARN_DIRECT_OBJC_ISA_USAGE = YES_ERROR;
				CLANG_WARN_DOCUMENTATION_COMMENTS = YES;
				CLANG_WARN_EMPTY_BODY = YES;
				CLANG_WARN_ENUM_CONVERSION = YES;
				CLANG_WARN_INFINITE_RECURSION = YES;
				CLANG_WARN_INT_CONVERSION = YES;
				CLANG_WARN_NON_LITERAL_NULL_CONVERSION = YES;
				CLANG_WARN_OBJC_IMPLICIT_RETAIN_SELF = YES;
				CLANG_WARN_OBJC_LITERAL_CONVERSION = YES;
				CLANG_WARN_OBJC_ROOT_CLASS = YES_ERROR;
				CLANG_WARN_RANGE_LOOP_ANALYSIS = YES;
				CLANG_WARN_STRICT_PROTOTYPES = YES;
				CLANG_WARN_SUSPICIOUS_MOVE = YES;
				CLANG_WARN_UNGUARDED_AVAILABILITY = YES_AGGRESSIVE;
				CLANG_WARN_UNREACHABLE_CODE = YES;
				CLANG_WARN__DUPLICATE_METHOD_MATCH = YES;
				CODE_SIGN_IDENTITY = "iPhone Developer";
				COPY_PHASE_STRIP = NO;
				DEBUG_INFORMATION_FORMAT = "dwarf-with-dsym";
				ENABLE_NS_ASSERTIONS = NO;
				ENABLE_STRICT_OBJC_MSGSEND = YES;
				GCC_C_LANGUAGE_STANDARD = gnu11;
				GCC_NO_COMMON_BLOCKS = YES;
				GCC_WARN_64_TO_32_BIT_CONVERSION = YES;
				GCC_WARN_ABOUT_RETURN_TYPE = YES_ERROR;
				GCC_WARN_UNDECLARED_SELECTOR = YES;
				GCC_WARN_UNINITIALIZED_AUTOS = YES_AGGRESSIVE;
				GCC_WARN_UNUSED_FUNCTION = YES;
				GCC_WARN_UNUSED_VARIABLE = YES;
				IPHONEOS_DEPLOYMENT_TARGET = 11.4;
				MTL_ENABLE_DEBUG_INFO = NO;
				SDKROOT = iphoneos;
				SWIFT_COMPILATION_MODE = wholemodule;
				SWIFT_OPTIMIZATION_LEVEL = "-O";
				VALIDATE_PRODUCT = YES;
			};
			name = Release;
		};
		B359BDE120D566B10032E187 /* Debug */ = {
			isa = XCBuildConfiguration;
			baseConfigurationReference = 582B9068E764BA7F495C82E3 /* Pods-outfitoftoday.debug.xcconfig */;
			buildSettings = {
				ASSETCATALOG_COMPILER_APPICON_NAME = AppIcon;
				CODE_SIGN_STYLE = Automatic;
				DEVELOPMENT_TEAM = 524TVTU6B9;
				INFOPLIST_FILE = "$(SRCROOT)/outfitoftoday/SurpportFile/Info.plist";
				IPHONEOS_DEPLOYMENT_TARGET = 11.0;
				LD_RUNPATH_SEARCH_PATHS = (
					"$(inherited)",
					"@executable_path/Frameworks",
				);
				PRODUCT_BUNDLE_IDENTIFIER = com.bulepaprika.outfitoftoday;
				PRODUCT_NAME = "$(TARGET_NAME)";
				SWIFT_VERSION = 4.0;
				TARGETED_DEVICE_FAMILY = 1;
			};
			name = Debug;
		};
		B359BDE220D566B10032E187 /* Release */ = {
			isa = XCBuildConfiguration;
			baseConfigurationReference = 1AFA2A638707CB78F55C25C0 /* Pods-outfitoftoday.release.xcconfig */;
			buildSettings = {
				ASSETCATALOG_COMPILER_APPICON_NAME = AppIcon;
				CODE_SIGN_STYLE = Automatic;
				DEVELOPMENT_TEAM = 524TVTU6B9;
				INFOPLIST_FILE = "$(SRCROOT)/outfitoftoday/SurpportFile/Info.plist";
				IPHONEOS_DEPLOYMENT_TARGET = 11.0;
				LD_RUNPATH_SEARCH_PATHS = (
					"$(inherited)",
					"@executable_path/Frameworks",
				);
				PRODUCT_BUNDLE_IDENTIFIER = com.bulepaprika.outfitoftoday;
				PRODUCT_NAME = "$(TARGET_NAME)";
				SWIFT_VERSION = 4.0;
				TARGETED_DEVICE_FAMILY = 1;
			};
			name = Release;
		};
/* End XCBuildConfiguration section */

/* Begin XCConfigurationList section */
		B359BDC920D566AF0032E187 /* Build configuration list for PBXProject "outfitoftoday" */ = {
			isa = XCConfigurationList;
			buildConfigurations = (
				B359BDDE20D566B10032E187 /* Debug */,
				B359BDDF20D566B10032E187 /* Release */,
			);
			defaultConfigurationIsVisible = 0;
			defaultConfigurationName = Release;
		};
		B359BDE020D566B10032E187 /* Build configuration list for PBXNativeTarget "outfitoftoday" */ = {
			isa = XCConfigurationList;
			buildConfigurations = (
				B359BDE120D566B10032E187 /* Debug */,
				B359BDE220D566B10032E187 /* Release */,
			);
			defaultConfigurationIsVisible = 0;
			defaultConfigurationName = Release;
		};
/* End XCConfigurationList section */
	};
	rootObject = B359BDC620D566AF0032E187 /* Project object */;
}
