// !$*UTF8*$!
{
	archiveVersion = 1;
	classes = {
	};
	objectVersion = 50;
	objects = {

/* Begin PBXBuildFile section */
		52BE9C79F9BF6C885298CF89 /* Pods_outfitoftoday.framework in Frameworks */ = {isa = PBXBuildFile; fileRef = 38F2E84EE659465F7898ED8A /* Pods_outfitoftoday.framework */; };
		8C20FFF520F4E4FA00C98C07 /* OOTTemperatureData.swift in Sources */ = {isa = PBXBuildFile; fileRef = 8C20FFF420F4E4FA00C98C07 /* OOTTemperatureData.swift */; };
		B30E0AA120E6DB1F00CD836A /* WeatherGraph.swift in Sources */ = {isa = PBXBuildFile; fileRef = B30E0AA020E6DB1F00CD836A /* WeatherGraph.swift */; };
		B31DC2EC20DF9FEA00141B9A /* BackgroundView.swift in Sources */ = {isa = PBXBuildFile; fileRef = B31DC2EB20DF9FEA00141B9A /* BackgroundView.swift */; };
		B32A98CF20D56930003EBA31 /* View+.swift in Sources */ = {isa = PBXBuildFile; fileRef = B32A98CE20D56930003EBA31 /* View+.swift */; };
		B32A98D220D56937003EBA31 /* BaseVC.swift in Sources */ = {isa = PBXBuildFile; fileRef = B32A98D020D56937003EBA31 /* BaseVC.swift */; };
		B32A98D320D56937003EBA31 /* BaseView.swift in Sources */ = {isa = PBXBuildFile; fileRef = B32A98D120D56937003EBA31 /* BaseView.swift */; };
		B32B285D20D691800088AA23 /* BaseCollectionCell.swift in Sources */ = {isa = PBXBuildFile; fileRef = B32B285C20D691800088AA23 /* BaseCollectionCell.swift */; };
		B32B285F20D69AAD0088AA23 /* UIColor+.swift in Sources */ = {isa = PBXBuildFile; fileRef = B32B285E20D69AAD0088AA23 /* UIColor+.swift */; };
		B337604C20DBFEE20081AAEA /* MainCollectionView.swift in Sources */ = {isa = PBXBuildFile; fileRef = B337604B20DBFEE10081AAEA /* MainCollectionView.swift */; };
		B33CB1AA20E0790500BD3D38 /* OOTClothView.swift in Sources */ = {isa = PBXBuildFile; fileRef = B33CB1A920E0790500BD3D38 /* OOTClothView.swift */; };
		B33CB1AC20E079D900BD3D38 /* WeatherViewCell.swift in Sources */ = {isa = PBXBuildFile; fileRef = B33CB1AB20E079D900BD3D38 /* WeatherViewCell.swift */; };
		B33D1C7220E1D11800A0035B /* BaseWeatherPage.swift in Sources */ = {isa = PBXBuildFile; fileRef = B33D1C7120E1D11800A0035B /* BaseWeatherPage.swift */; };
		B342932020E29A730081D764 /* BaseCollectionView.swift in Sources */ = {isa = PBXBuildFile; fileRef = B342931F20E29A720081D764 /* BaseCollectionView.swift */; };
		B347CF6020DCE3030081DD4F /* OOTLabelable.swift in Sources */ = {isa = PBXBuildFile; fileRef = B347CF5F20DCE3030081DD4F /* OOTLabelable.swift */; };
		B347CF6220DCE7770081DD4F /* ConCreateOOTLabel.swift in Sources */ = {isa = PBXBuildFile; fileRef = B347CF6120DCE7770081DD4F /* ConCreateOOTLabel.swift */; };
		B359BDD220D566AF0032E187 /* AppDelegate.swift in Sources */ = {isa = PBXBuildFile; fileRef = B359BDD120D566AF0032E187 /* AppDelegate.swift */; };
		B359BDD920D566B10032E187 /* Assets.xcassets in Resources */ = {isa = PBXBuildFile; fileRef = B359BDD820D566B10032E187 /* Assets.xcassets */; };
		B359BDDC20D566B10032E187 /* LaunchScreen.storyboard in Resources */ = {isa = PBXBuildFile; fileRef = B359BDDA20D566B10032E187 /* LaunchScreen.storyboard */; };
		B37D6E4620E7608600E0AE88 /* Localizable.strings in Resources */ = {isa = PBXBuildFile; fileRef = B37D6E4520E7608600E0AE88 /* Localizable.strings */; };
		B381526120EC9CF500C5F708 /* WeatherAnimationViewController.swift in Sources */ = {isa = PBXBuildFile; fileRef = B381526020EC9CF500C5F708 /* WeatherAnimationViewController.swift */; };
		B381526320ECA11300C5F708 /* RainView.swift in Sources */ = {isa = PBXBuildFile; fileRef = B381526220ECA11300C5F708 /* RainView.swift */; };
		B386F6A320DFD61700C08512 /* String+.swift in Sources */ = {isa = PBXBuildFile; fileRef = B386F6A220DFD61700C08512 /* String+.swift */; };
		B396CFEF20E0E37D00EC57D3 /* MainCollectionViewCell.swift in Sources */ = {isa = PBXBuildFile; fileRef = B396CFEE20E0E37D00EC57D3 /* MainCollectionViewCell.swift */; };
		B399B40C20E5F313004204D7 /* WeekDustStackView.swift in Sources */ = {isa = PBXBuildFile; fileRef = B399B40B20E5F313004204D7 /* WeekDustStackView.swift */; };
		B399B40E20E5F39F004204D7 /* WeekDustView.swift in Sources */ = {isa = PBXBuildFile; fileRef = B399B40D20E5F39F004204D7 /* WeekDustView.swift */; };
		B39E811120E1883200006A0C /* OOTDustData.swift in Sources */ = {isa = PBXBuildFile; fileRef = B39E811020E1883200006A0C /* OOTDustData.swift */; };
		B3A3CDB620ECB35A00773D31 /* outfitoftodayTests.swift in Sources */ = {isa = PBXBuildFile; fileRef = B3A3CDB520ECB35A00773D31 /* outfitoftodayTests.swift */; };
		B3A3CDBD20ECB3FF00773D31 /* WeatherAnimationViewController.swift in Sources */ = {isa = PBXBuildFile; fileRef = B381526020EC9CF500C5F708 /* WeatherAnimationViewController.swift */; };
		B3A3CDBE20ECB3FF00773D31 /* BaseVC.swift in Sources */ = {isa = PBXBuildFile; fileRef = B32A98D020D56937003EBA31 /* BaseVC.swift */; };
		B3AF271120E4C3830098767D /* DustView.swift in Sources */ = {isa = PBXBuildFile; fileRef = B3AF271020E4C3830098767D /* DustView.swift */; };
		B3C7BBA620D568E9003D7CB2 /* Network.swift in Sources */ = {isa = PBXBuildFile; fileRef = B3C7BBA420D568E9003D7CB2 /* Network.swift */; };
		B3C7BBA720D568E9003D7CB2 /* OOT.swift in Sources */ = {isa = PBXBuildFile; fileRef = B3C7BBA520D568E9003D7CB2 /* OOT.swift */; };
		B3DAF5CE20DF1DAC0030B529 /* BaseScrollView.swift in Sources */ = {isa = PBXBuildFile; fileRef = B3DAF5CD20DF1DAC0030B529 /* BaseScrollView.swift */; };
		B3DD704920E4BC220009D0E6 /* DustStackView.swift in Sources */ = {isa = PBXBuildFile; fileRef = B3DD704820E4BC220009D0E6 /* DustStackView.swift */; };
		B3DD704B20E4BC360009D0E6 /* BaseStackView.swift in Sources */ = {isa = PBXBuildFile; fileRef = B3DD704A20E4BC360009D0E6 /* BaseStackView.swift */; };
		B3F1096F20DCDB2600F1629C /* ConCreateOOTImgable.swift in Sources */ = {isa = PBXBuildFile; fileRef = B3F1096E20DCDB2600F1629C /* ConCreateOOTImgable.swift */; };
		B3F1097320DCDBA600F1629C /* Director.swift in Sources */ = {isa = PBXBuildFile; fileRef = B3F1097220DCDBA600F1629C /* Director.swift */; };
		B3F1097620DCDC4D00F1629C /* ConCreateOOTImg.swift in Sources */ = {isa = PBXBuildFile; fileRef = B3F1097520DCDC4D00F1629C /* ConCreateOOTImg.swift */; };
		BFC8E013CBDAF7863D27648F /* Pods_outfitoftoday.framework in Frameworks */ = {isa = PBXBuildFile; fileRef = B381529720ECAB3400C5F708 /* Pods_outfitoftoday.framework */; };
/* End PBXBuildFile section */

/* Begin PBXContainerItemProxy section */
		B3A3CDB820ECB35A00773D31 /* PBXContainerItemProxy */ = {
			isa = PBXContainerItemProxy;
			containerPortal = B359BDC620D566AF0032E187 /* Project object */;
			proxyType = 1;
			remoteGlobalIDString = B359BDCD20D566AF0032E187;
			remoteInfo = outfitoftoday;
		};
/* End PBXContainerItemProxy section */

/* Begin PBXFileReference section */
		1AFA2A638707CB78F55C25C0 /* Pods-outfitoftoday.release.xcconfig */ = {isa = PBXFileReference; includeInIndex = 1; lastKnownFileType = text.xcconfig; name = "Pods-outfitoftoday.release.xcconfig"; path = "Pods/Target Support Files/Pods-outfitoftoday/Pods-outfitoftoday.release.xcconfig"; sourceTree = "<group>"; };
		38F2E84EE659465F7898ED8A /* Pods_outfitoftoday.framework */ = {isa = PBXFileReference; explicitFileType = wrapper.framework; includeInIndex = 0; path = Pods_outfitoftoday.framework; sourceTree = BUILT_PRODUCTS_DIR; };
		582B9068E764BA7F495C82E3 /* Pods-outfitoftoday.debug.xcconfig */ = {isa = PBXFileReference; includeInIndex = 1; lastKnownFileType = text.xcconfig; name = "Pods-outfitoftoday.debug.xcconfig"; path = "Pods/Target Support Files/Pods-outfitoftoday/Pods-outfitoftoday.debug.xcconfig"; sourceTree = "<group>"; };
		8C20FFF420F4E4FA00C98C07 /* OOTTemperatureData.swift */ = {isa = PBXFileReference; lastKnownFileType = sourcecode.swift; path = OOTTemperatureData.swift; sourceTree = "<group>"; };
		B30E0AA020E6DB1F00CD836A /* WeatherGraph.swift */ = {isa = PBXFileReference; lastKnownFileType = sourcecode.swift; path = WeatherGraph.swift; sourceTree = "<group>"; };
		B31DC2EB20DF9FEA00141B9A /* BackgroundView.swift */ = {isa = PBXFileReference; lastKnownFileType = sourcecode.swift; path = BackgroundView.swift; sourceTree = "<group>"; };
		B32A98CE20D56930003EBA31 /* View+.swift */ = {isa = PBXFileReference; fileEncoding = 4; lastKnownFileType = sourcecode.swift; path = "View+.swift"; sourceTree = "<group>"; };
		B32A98D020D56937003EBA31 /* BaseVC.swift */ = {isa = PBXFileReference; fileEncoding = 4; lastKnownFileType = sourcecode.swift; path = BaseVC.swift; sourceTree = "<group>"; };
		B32A98D120D56937003EBA31 /* BaseView.swift */ = {isa = PBXFileReference; fileEncoding = 4; lastKnownFileType = sourcecode.swift; path = BaseView.swift; sourceTree = "<group>"; };
		B32B285C20D691800088AA23 /* BaseCollectionCell.swift */ = {isa = PBXFileReference; lastKnownFileType = sourcecode.swift; path = BaseCollectionCell.swift; sourceTree = "<group>"; };
		B32B285E20D69AAD0088AA23 /* UIColor+.swift */ = {isa = PBXFileReference; lastKnownFileType = sourcecode.swift; path = "UIColor+.swift"; sourceTree = "<group>"; };
		B337604B20DBFEE10081AAEA /* MainCollectionView.swift */ = {isa = PBXFileReference; fileEncoding = 4; lastKnownFileType = sourcecode.swift; path = MainCollectionView.swift; sourceTree = "<group>"; };
		B33CB1A920E0790500BD3D38 /* OOTClothView.swift */ = {isa = PBXFileReference; lastKnownFileType = sourcecode.swift; path = OOTClothView.swift; sourceTree = "<group>"; };
		B33CB1AB20E079D900BD3D38 /* WeatherViewCell.swift */ = {isa = PBXFileReference; lastKnownFileType = sourcecode.swift; path = WeatherViewCell.swift; sourceTree = "<group>"; };
		B33D1C7120E1D11800A0035B /* BaseWeatherPage.swift */ = {isa = PBXFileReference; lastKnownFileType = sourcecode.swift; path = BaseWeatherPage.swift; sourceTree = "<group>"; };
		B342931F20E29A720081D764 /* BaseCollectionView.swift */ = {isa = PBXFileReference; lastKnownFileType = sourcecode.swift; path = BaseCollectionView.swift; sourceTree = "<group>"; };
		B347CF5F20DCE3030081DD4F /* OOTLabelable.swift */ = {isa = PBXFileReference; lastKnownFileType = sourcecode.swift; path = OOTLabelable.swift; sourceTree = "<group>"; };
		B347CF6120DCE7770081DD4F /* ConCreateOOTLabel.swift */ = {isa = PBXFileReference; lastKnownFileType = sourcecode.swift; path = ConCreateOOTLabel.swift; sourceTree = "<group>"; };
		B359BDCE20D566AF0032E187 /* outfitoftoday.app */ = {isa = PBXFileReference; explicitFileType = wrapper.application; includeInIndex = 0; path = outfitoftoday.app; sourceTree = BUILT_PRODUCTS_DIR; };
		B359BDD120D566AF0032E187 /* AppDelegate.swift */ = {isa = PBXFileReference; lastKnownFileType = sourcecode.swift; path = AppDelegate.swift; sourceTree = "<group>"; };
		B359BDD820D566B10032E187 /* Assets.xcassets */ = {isa = PBXFileReference; lastKnownFileType = folder.assetcatalog; path = Assets.xcassets; sourceTree = "<group>"; };
		B359BDDB20D566B10032E187 /* Base */ = {isa = PBXFileReference; lastKnownFileType = file.storyboard; name = Base; path = Base.lproj/LaunchScreen.storyboard; sourceTree = "<group>"; };
		B359BDDD20D566B10032E187 /* Info.plist */ = {isa = PBXFileReference; lastKnownFileType = text.plist.xml; path = Info.plist; sourceTree = "<group>"; };
		B37D6E4520E7608600E0AE88 /* Localizable.strings */ = {isa = PBXFileReference; lastKnownFileType = text.plist.strings; path = Localizable.strings; sourceTree = "<group>"; };
		B381526020EC9CF500C5F708 /* WeatherAnimationViewController.swift */ = {isa = PBXFileReference; lastKnownFileType = sourcecode.swift; path = WeatherAnimationViewController.swift; sourceTree = "<group>"; };
		B381526220ECA11300C5F708 /* RainView.swift */ = {isa = PBXFileReference; lastKnownFileType = sourcecode.swift; path = RainView.swift; sourceTree = "<group>"; };
		B381526A20ECA9A000C5F708 /* outfitoftodayTests.swift */ = {isa = PBXFileReference; lastKnownFileType = sourcecode.swift; path = outfitoftodayTests.swift; sourceTree = "<group>"; };
		B381526C20ECA9A000C5F708 /* Info.plist */ = {isa = PBXFileReference; lastKnownFileType = text.plist.xml; path = Info.plist; sourceTree = "<group>"; };
		B381529320ECAB3400C5F708 /* Alamofire.framework */ = {isa = PBXFileReference; explicitFileType = wrapper.framework; path = Alamofire.framework; sourceTree = BUILT_PRODUCTS_DIR; };
		B381529520ECAB3400C5F708 /* ObjectMapper.framework */ = {isa = PBXFileReference; explicitFileType = wrapper.framework; path = ObjectMapper.framework; sourceTree = BUILT_PRODUCTS_DIR; };
		B381529720ECAB3400C5F708 /* Pods_outfitoftoday.framework */ = {isa = PBXFileReference; explicitFileType = wrapper.framework; path = Pods_outfitoftoday.framework; sourceTree = BUILT_PRODUCTS_DIR; };
		B381529920ECAB3400C5F708 /* SideMenu.framework */ = {isa = PBXFileReference; explicitFileType = wrapper.framework; path = SideMenu.framework; sourceTree = BUILT_PRODUCTS_DIR; };
		B381529B20ECAB3400C5F708 /* SnapKit.framework */ = {isa = PBXFileReference; explicitFileType = wrapper.framework; path = SnapKit.framework; sourceTree = BUILT_PRODUCTS_DIR; };
		B381529D20ECAB3400C5F708 /* SwiftyJSON.framework */ = {isa = PBXFileReference; explicitFileType = wrapper.framework; path = SwiftyJSON.framework; sourceTree = BUILT_PRODUCTS_DIR; };
		B381529F20ECAB3400C5F708 /* Then.framework */ = {isa = PBXFileReference; explicitFileType = wrapper.framework; path = Then.framework; sourceTree = BUILT_PRODUCTS_DIR; };
		B386F6A220DFD61700C08512 /* String+.swift */ = {isa = PBXFileReference; lastKnownFileType = sourcecode.swift; path = "String+.swift"; sourceTree = "<group>"; };
		B396CFEE20E0E37D00EC57D3 /* MainCollectionViewCell.swift */ = {isa = PBXFileReference; lastKnownFileType = sourcecode.swift; path = MainCollectionViewCell.swift; sourceTree = "<group>"; };
		B399B40B20E5F313004204D7 /* WeekDustStackView.swift */ = {isa = PBXFileReference; lastKnownFileType = sourcecode.swift; path = WeekDustStackView.swift; sourceTree = "<group>"; };
		B399B40D20E5F39F004204D7 /* WeekDustView.swift */ = {isa = PBXFileReference; lastKnownFileType = sourcecode.swift; path = WeekDustView.swift; sourceTree = "<group>"; };
		B39E811020E1883200006A0C /* OOTDustData.swift */ = {isa = PBXFileReference; lastKnownFileType = sourcecode.swift; path = OOTDustData.swift; sourceTree = "<group>"; };
		B3A3CDB320ECB35A00773D31 /* outfitoftodayTests.xctest */ = {isa = PBXFileReference; explicitFileType = wrapper.cfbundle; includeInIndex = 0; path = outfitoftodayTests.xctest; sourceTree = BUILT_PRODUCTS_DIR; };
		B3A3CDB520ECB35A00773D31 /* outfitoftodayTests.swift */ = {isa = PBXFileReference; lastKnownFileType = sourcecode.swift; path = outfitoftodayTests.swift; sourceTree = "<group>"; };
		B3A3CDB720ECB35A00773D31 /* Info.plist */ = {isa = PBXFileReference; lastKnownFileType = text.plist.xml; path = Info.plist; sourceTree = "<group>"; };
		B3AF271020E4C3830098767D /* DustView.swift */ = {isa = PBXFileReference; lastKnownFileType = sourcecode.swift; path = DustView.swift; sourceTree = "<group>"; };
		B3C7BBA420D568E9003D7CB2 /* Network.swift */ = {isa = PBXFileReference; fileEncoding = 4; lastKnownFileType = sourcecode.swift; path = Network.swift; sourceTree = "<group>"; };
		B3C7BBA520D568E9003D7CB2 /* OOT.swift */ = {isa = PBXFileReference; fileEncoding = 4; lastKnownFileType = sourcecode.swift; path = OOT.swift; sourceTree = "<group>"; };
		B3DAF5CD20DF1DAC0030B529 /* BaseScrollView.swift */ = {isa = PBXFileReference; lastKnownFileType = sourcecode.swift; path = BaseScrollView.swift; sourceTree = "<group>"; };
		B3DD704820E4BC220009D0E6 /* DustStackView.swift */ = {isa = PBXFileReference; lastKnownFileType = sourcecode.swift; path = DustStackView.swift; sourceTree = "<group>"; };
		B3DD704A20E4BC360009D0E6 /* BaseStackView.swift */ = {isa = PBXFileReference; lastKnownFileType = sourcecode.swift; path = BaseStackView.swift; sourceTree = "<group>"; };
		B3F1096E20DCDB2600F1629C /* ConCreateOOTImgable.swift */ = {isa = PBXFileReference; lastKnownFileType = sourcecode.swift; path = ConCreateOOTImgable.swift; sourceTree = "<group>"; };
		B3F1097220DCDBA600F1629C /* Director.swift */ = {isa = PBXFileReference; lastKnownFileType = sourcecode.swift; path = Director.swift; sourceTree = "<group>"; };
		B3F1097520DCDC4D00F1629C /* ConCreateOOTImg.swift */ = {isa = PBXFileReference; lastKnownFileType = sourcecode.swift; path = ConCreateOOTImg.swift; sourceTree = "<group>"; };
/* End PBXFileReference section */

/* Begin PBXFrameworksBuildPhase section */
		B359BDCB20D566AF0032E187 /* Frameworks */ = {
			isa = PBXFrameworksBuildPhase;
			buildActionMask = 2147483647;
			files = (
				52BE9C79F9BF6C885298CF89 /* Pods_outfitoftoday.framework in Frameworks */,
				BFC8E013CBDAF7863D27648F /* Pods_outfitoftoday.framework in Frameworks */,
			);
			runOnlyForDeploymentPostprocessing = 0;
		};
		B3A3CDB020ECB35A00773D31 /* Frameworks */ = {
			isa = PBXFrameworksBuildPhase;
			buildActionMask = 2147483647;
			files = (
			);
			runOnlyForDeploymentPostprocessing = 0;
		};
/* End PBXFrameworksBuildPhase section */

/* Begin PBXGroup section */
		2FD15F82295B88414E2365C9 /* Pods */ = {
			isa = PBXGroup;
			children = (
				582B9068E764BA7F495C82E3 /* Pods-outfitoftoday.debug.xcconfig */,
				1AFA2A638707CB78F55C25C0 /* Pods-outfitoftoday.release.xcconfig */,
			);
			name = Pods;
			sourceTree = "<group>";
		};
		B32A98CD20D5691F003EBA31 /* Setting */ = {
			isa = PBXGroup;
			children = (
				B3DAF5D120DF24CE0030B529 /* Protocol */,
				B3F1097420DCDC2D00F1629C /* ConCreateBuilder */,
				B3F1097120DCDB8E00F1629C /* Director */,
				B32A98D020D56937003EBA31 /* BaseVC.swift */,
				B32A98D120D56937003EBA31 /* BaseView.swift */,
				B32B285C20D691800088AA23 /* BaseCollectionCell.swift */,
				B3DAF5CD20DF1DAC0030B529 /* BaseScrollView.swift */,
				B342931F20E29A720081D764 /* BaseCollectionView.swift */,
				B3DD704A20E4BC360009D0E6 /* BaseStackView.swift */,
			);
			path = Setting;
			sourceTree = "<group>";
		};
		B33D1C6F20E1D0BD00A0035B /* Firstpage */ = {
			isa = PBXGroup;
			children = (
				B33CB1A920E0790500BD3D38 /* OOTClothView.swift */,
			);
			path = Firstpage;
			sourceTree = "<group>";
		};
		B33D1C7020E1D0D500A0035B /* SecondPage */ = {
			isa = PBXGroup;
			children = (
				B33CB1AB20E079D900BD3D38 /* WeatherViewCell.swift */,
				B33D1C7120E1D11800A0035B /* BaseWeatherPage.swift */,
				B399B40920E5F2D7004204D7 /* DustStack */,
				B399B40A20E5F2EE004204D7 /* WeekDust */,
				B30E0AA020E6DB1F00CD836A /* WeatherGraph.swift */,
			);
			path = SecondPage;
			sourceTree = "<group>";
		};
		B359BDC520D566AF0032E187 = {
			isa = PBXGroup;
			children = (
				B359BDD020D566AF0032E187 /* outfitoftoday */,
				B381526920ECA9A000C5F708 /* outfitoftodayTests */,
				B3A3CDB420ECB35A00773D31 /* outfitoftodayTests */,
				B359BDCF20D566AF0032E187 /* Products */,
				2FD15F82295B88414E2365C9 /* Pods */,
				F4BB7F4976E680E0AD567C04 /* Frameworks */,
			);
			sourceTree = "<group>";
		};
		B359BDCF20D566AF0032E187 /* Products */ = {
			isa = PBXGroup;
			children = (
				B359BDCE20D566AF0032E187 /* outfitoftoday.app */,
				B3A3CDB320ECB35A00773D31 /* outfitoftodayTests.xctest */,
			);
			name = Products;
			sourceTree = "<group>";
		};
		B359BDD020D566AF0032E187 /* outfitoftoday */ = {
			isa = PBXGroup;
			children = (
				B359BDD120D566AF0032E187 /* AppDelegate.swift */,
				B381525F20EC9C5E00C5F708 /* Animation */,
				B3C7BBA220D56874003D7CB2 /* Controller */,
				B386F6A420DFDCC300C08512 /* Model */,
				B3C7BBA120D56870003D7CB2 /* View */,
				B3C7BBA020D56862003D7CB2 /* Common */,
				B3C7BBA320D5687A003D7CB2 /* SurpportFile */,
			);
			path = outfitoftoday;
			sourceTree = "<group>";
		};
		B381525F20EC9C5E00C5F708 /* Animation */ = {
			isa = PBXGroup;
			children = (
				B381526020EC9CF500C5F708 /* WeatherAnimationViewController.swift */,
				B381526220ECA11300C5F708 /* RainView.swift */,
			);
			path = Animation;
			sourceTree = "<group>";
		};
		B381526920ECA9A000C5F708 /* outfitoftodayTests */ = {
			isa = PBXGroup;
			children = (
				B381526A20ECA9A000C5F708 /* outfitoftodayTests.swift */,
				B381526C20ECA9A000C5F708 /* Info.plist */,
			);
			path = outfitoftodayTests;
			sourceTree = "<group>";
		};
		B386F6A420DFDCC300C08512 /* Model */ = {
			isa = PBXGroup;
			children = (
				B39E811020E1883200006A0C /* OOTDustData.swift */,
				8C20FFF420F4E4FA00C98C07 /* OOTTemperatureData.swift */,
			);
			path = Model;
			sourceTree = "<group>";
		};
		B399B40920E5F2D7004204D7 /* DustStack */ = {
			isa = PBXGroup;
			children = (
				B3DD704820E4BC220009D0E6 /* DustStackView.swift */,
				B3AF271020E4C3830098767D /* DustView.swift */,
			);
			path = DustStack;
			sourceTree = "<group>";
		};
		B399B40A20E5F2EE004204D7 /* WeekDust */ = {
			isa = PBXGroup;
			children = (
				B399B40B20E5F313004204D7 /* WeekDustStackView.swift */,
				B399B40D20E5F39F004204D7 /* WeekDustView.swift */,
			);
			path = WeekDust;
			sourceTree = "<group>";
		};
		B3A3CDB420ECB35A00773D31 /* outfitoftodayTests */ = {
			isa = PBXGroup;
			children = (
				B3A3CDB520ECB35A00773D31 /* outfitoftodayTests.swift */,
				B3A3CDB720ECB35A00773D31 /* Info.plist */,
			);
			path = outfitoftodayTests;
			sourceTree = "<group>";
		};
		B3C7BBA020D56862003D7CB2 /* Common */ = {
			isa = PBXGroup;
			children = (
				B3C7BBA520D568E9003D7CB2 /* OOT.swift */,
				B3C7BBA420D568E9003D7CB2 /* Network.swift */,
				B32A98CD20D5691F003EBA31 /* Setting */,
				B3C7BBA820D568EC003D7CB2 /* Extension */,
			);
			path = Common;
			sourceTree = "<group>";
		};
		B3C7BBA120D56870003D7CB2 /* View */ = {
			isa = PBXGroup;
			children = (
				B31DC2EB20DF9FEA00141B9A /* BackgroundView.swift */,
				B396CFEE20E0E37D00EC57D3 /* MainCollectionViewCell.swift */,
				B33D1C6F20E1D0BD00A0035B /* Firstpage */,
				B33D1C7020E1D0D500A0035B /* SecondPage */,
			);
			path = View;
			sourceTree = "<group>";
		};
		B3C7BBA220D56874003D7CB2 /* Controller */ = {
			isa = PBXGroup;
			children = (
				B337604B20DBFEE10081AAEA /* MainCollectionView.swift */,
			);
			path = Controller;
			sourceTree = "<group>";
		};
		B3C7BBA320D5687A003D7CB2 /* SurpportFile */ = {
			isa = PBXGroup;
			children = (
				B359BDD820D566B10032E187 /* Assets.xcassets */,
				B359BDDA20D566B10032E187 /* LaunchScreen.storyboard */,
				B359BDDD20D566B10032E187 /* Info.plist */,
				B37D6E4520E7608600E0AE88 /* Localizable.strings */,
			);
			path = SurpportFile;
			sourceTree = "<group>";
		};
		B3C7BBA820D568EC003D7CB2 /* Extension */ = {
			isa = PBXGroup;
			children = (
				B32A98CE20D56930003EBA31 /* View+.swift */,
				B32B285E20D69AAD0088AA23 /* UIColor+.swift */,
				B386F6A220DFD61700C08512 /* String+.swift */,
			);
			path = Extension;
			sourceTree = "<group>";
		};
		B3DAF5D120DF24CE0030B529 /* Protocol */ = {
			isa = PBXGroup;
			children = (
				B3F1097020DCDB2C00F1629C /* Builder */,
			);
			path = Protocol;
			sourceTree = "<group>";
		};
		B3F1097020DCDB2C00F1629C /* Builder */ = {
			isa = PBXGroup;
			children = (
				B3F1096E20DCDB2600F1629C /* ConCreateOOTImgable.swift */,
				B347CF5F20DCE3030081DD4F /* OOTLabelable.swift */,
			);
			path = Builder;
			sourceTree = "<group>";
		};
		B3F1097120DCDB8E00F1629C /* Director */ = {
			isa = PBXGroup;
			children = (
				B3F1097220DCDBA600F1629C /* Director.swift */,
			);
			path = Director;
			sourceTree = "<group>";
		};
		B3F1097420DCDC2D00F1629C /* ConCreateBuilder */ = {
			isa = PBXGroup;
			children = (
				B3F1097520DCDC4D00F1629C /* ConCreateOOTImg.swift */,
				B347CF6120DCE7770081DD4F /* ConCreateOOTLabel.swift */,
			);
			path = ConCreateBuilder;
			sourceTree = "<group>";
		};
		F4BB7F4976E680E0AD567C04 /* Frameworks */ = {
			isa = PBXGroup;
			children = (
				B381529320ECAB3400C5F708 /* Alamofire.framework */,
				B381529520ECAB3400C5F708 /* ObjectMapper.framework */,
				B381529720ECAB3400C5F708 /* Pods_outfitoftoday.framework */,
				B381529920ECAB3400C5F708 /* SideMenu.framework */,
				B381529B20ECAB3400C5F708 /* SnapKit.framework */,
				B381529D20ECAB3400C5F708 /* SwiftyJSON.framework */,
				B381529F20ECAB3400C5F708 /* Then.framework */,
				38F2E84EE659465F7898ED8A /* Pods_outfitoftoday.framework */,
			);
			name = Frameworks;
			sourceTree = "<group>";
		};
/* End PBXGroup section */

/* Begin PBXNativeTarget section */
		B359BDCD20D566AF0032E187 /* outfitoftoday */ = {
			isa = PBXNativeTarget;
			buildConfigurationList = B359BDE020D566B10032E187 /* Build configuration list for PBXNativeTarget "outfitoftoday" */;
			buildPhases = (
				4839B8BF2CB8742A8B3E3D19 /* [CP] Check Pods Manifest.lock */,
				B359BDCA20D566AF0032E187 /* Sources */,
				B359BDCB20D566AF0032E187 /* Frameworks */,
				B359BDCC20D566AF0032E187 /* Resources */,
				7D66DC26D9EDD4D18DF2A776 /* [CP] Embed Pods Frameworks */,
			);
			buildRules = (
			);
			dependencies = (
			);
			name = outfitoftoday;
			productName = outfitoftoday;
			productReference = B359BDCE20D566AF0032E187 /* outfitoftoday.app */;
			productType = "com.apple.product-type.application";
		};
		B3A3CDB220ECB35A00773D31 /* outfitoftodayTests */ = {
			isa = PBXNativeTarget;
			buildConfigurationList = B3A3CDBA20ECB35A00773D31 /* Build configuration list for PBXNativeTarget "outfitoftodayTests" */;
			buildPhases = (
				B3A3CDAF20ECB35A00773D31 /* Sources */,
				B3A3CDB020ECB35A00773D31 /* Frameworks */,
				B3A3CDB120ECB35A00773D31 /* Resources */,
			);
			buildRules = (
			);
			dependencies = (
				B3A3CDB920ECB35A00773D31 /* PBXTargetDependency */,
			);
			name = outfitoftodayTests;
			productName = outfitoftodayTests;
			productReference = B3A3CDB320ECB35A00773D31 /* outfitoftodayTests.xctest */;
			productType = "com.apple.product-type.bundle.unit-test";
		};
/* End PBXNativeTarget section */

/* Begin PBXProject section */
		B359BDC620D566AF0032E187 /* Project object */ = {
			isa = PBXProject;
			attributes = {
				LastSwiftUpdateCheck = 0940;
				LastUpgradeCheck = 0940;
				ORGANIZATIONNAME = LinSaeng;
				TargetAttributes = {
					B359BDCD20D566AF0032E187 = {
						CreatedOnToolsVersion = 9.4;
					};
					B3A3CDB220ECB35A00773D31 = {
						CreatedOnToolsVersion = 9.4;
						TestTargetID = B359BDCD20D566AF0032E187;
					};
				};
			};
			buildConfigurationList = B359BDC920D566AF0032E187 /* Build configuration list for PBXProject "outfitoftoday" */;
			compatibilityVersion = "Xcode 9.3";
			developmentRegion = en;
			hasScannedForEncodings = 0;
			knownRegions = (
				en,
				Base,
			);
			mainGroup = B359BDC520D566AF0032E187;
			productRefGroup = B359BDCF20D566AF0032E187 /* Products */;
			projectDirPath = "";
			projectRoot = "";
			targets = (
				B359BDCD20D566AF0032E187 /* outfitoftoday */,
				B3A3CDB220ECB35A00773D31 /* outfitoftodayTests */,
			);
		};
/* End PBXProject section */

/* Begin PBXResourcesBuildPhase section */
		B359BDCC20D566AF0032E187 /* Resources */ = {
			isa = PBXResourcesBuildPhase;
			buildActionMask = 2147483647;
			files = (
				B37D6E4620E7608600E0AE88 /* Localizable.strings in Resources */,
				B359BDDC20D566B10032E187 /* LaunchScreen.storyboard in Resources */,
				B359BDD920D566B10032E187 /* Assets.xcassets in Resources */,
			);
			runOnlyForDeploymentPostprocessing = 0;
		};
		B3A3CDB120ECB35A00773D31 /* Resources */ = {
			isa = PBXResourcesBuildPhase;
			buildActionMask = 2147483647;
			files = (
			);
			runOnlyForDeploymentPostprocessing = 0;
		};
/* End PBXResourcesBuildPhase section */

/* Begin PBXShellScriptBuildPhase section */
		4839B8BF2CB8742A8B3E3D19 /* [CP] Check Pods Manifest.lock */ = {
			isa = PBXShellScriptBuildPhase;
			buildActionMask = 2147483647;
			files = (
			);
			inputPaths = (
				"${PODS_PODFILE_DIR_PATH}/Podfile.lock",
				"${PODS_ROOT}/Manifest.lock",
			);
			name = "[CP] Check Pods Manifest.lock";
			outputPaths = (
				"$(DERIVED_FILE_DIR)/Pods-outfitoftoday-checkManifestLockResult.txt",
			);
			runOnlyForDeploymentPostprocessing = 0;
			shellPath = /bin/sh;
			shellScript = "diff \"${PODS_PODFILE_DIR_PATH}/Podfile.lock\" \"${PODS_ROOT}/Manifest.lock\" > /dev/null\nif [ $? != 0 ] ; then\n    # print error to STDERR\n    echo \"error: The sandbox is not in sync with the Podfile.lock. Run 'pod install' or update your CocoaPods installation.\" >&2\n    exit 1\nfi\n# This output is used by Xcode 'outputs' to avoid re-running this script phase.\necho \"SUCCESS\" > \"${SCRIPT_OUTPUT_FILE_0}\"\n";
			showEnvVarsInLog = 0;
		};
		7D66DC26D9EDD4D18DF2A776 /* [CP] Embed Pods Frameworks */ = {
			isa = PBXShellScriptBuildPhase;
			buildActionMask = 2147483647;
			files = (
			);
			inputPaths = (
				"${SRCROOT}/Pods/Target Support Files/Pods-outfitoftoday/Pods-outfitoftoday-frameworks.sh",
				"${BUILT_PRODUCTS_DIR}/Alamofire/Alamofire.framework",
				"${BUILT_PRODUCTS_DIR}/ObjectMapper/ObjectMapper.framework",
				"${BUILT_PRODUCTS_DIR}/SnapKit/SnapKit.framework",
				"${BUILT_PRODUCTS_DIR}/SwiftyJSON/SwiftyJSON.framework",
				"${BUILT_PRODUCTS_DIR}/Then/Then.framework",
			);
			name = "[CP] Embed Pods Frameworks";
			outputPaths = (
				"${TARGET_BUILD_DIR}/${FRAMEWORKS_FOLDER_PATH}/Alamofire.framework",
				"${TARGET_BUILD_DIR}/${FRAMEWORKS_FOLDER_PATH}/ObjectMapper.framework",
				"${TARGET_BUILD_DIR}/${FRAMEWORKS_FOLDER_PATH}/SnapKit.framework",
				"${TARGET_BUILD_DIR}/${FRAMEWORKS_FOLDER_PATH}/SwiftyJSON.framework",
				"${TARGET_BUILD_DIR}/${FRAMEWORKS_FOLDER_PATH}/Then.framework",
			);
			runOnlyForDeploymentPostprocessing = 0;
			shellPath = /bin/sh;
			shellScript = "\"${SRCROOT}/Pods/Target Support Files/Pods-outfitoftoday/Pods-outfitoftoday-frameworks.sh\"\n";
			showEnvVarsInLog = 0;
		};
/* End PBXShellScriptBuildPhase section */

/* Begin PBXSourcesBuildPhase section */
		B359BDCA20D566AF0032E187 /* Sources */ = {
			isa = PBXSourcesBuildPhase;
			buildActionMask = 2147483647;
			files = (
				B381526320ECA11300C5F708 /* RainView.swift in Sources */,
				B3AF271120E4C3830098767D /* DustView.swift in Sources */,
				B31DC2EC20DF9FEA00141B9A /* BackgroundView.swift in Sources */,
				B3DAF5CE20DF1DAC0030B529 /* BaseScrollView.swift in Sources */,
				B32B285D20D691800088AA23 /* BaseCollectionCell.swift in Sources */,
				B396CFEF20E0E37D00EC57D3 /* MainCollectionViewCell.swift in Sources */,
				B3F1097320DCDBA600F1629C /* Director.swift in Sources */,
				B33CB1AC20E079D900BD3D38 /* WeatherViewCell.swift in Sources */,
				B3DD704920E4BC220009D0E6 /* DustStackView.swift in Sources */,
				B32A98CF20D56930003EBA31 /* View+.swift in Sources */,
				B386F6A320DFD61700C08512 /* String+.swift in Sources */,
				B399B40C20E5F313004204D7 /* WeekDustStackView.swift in Sources */,
				B342932020E29A730081D764 /* BaseCollectionView.swift in Sources */,
				8C20FFF520F4E4FA00C98C07 /* OOTTemperatureData.swift in Sources */,
				B3C7BBA620D568E9003D7CB2 /* Network.swift in Sources */,
				B30E0AA120E6DB1F00CD836A /* WeatherGraph.swift in Sources */,
				B347CF6020DCE3030081DD4F /* OOTLabelable.swift in Sources */,
				B3F1096F20DCDB2600F1629C /* ConCreateOOTImgable.swift in Sources */,
				B381526120EC9CF500C5F708 /* WeatherAnimationViewController.swift in Sources */,
				B3C7BBA720D568E9003D7CB2 /* OOT.swift in Sources */,
				B3F1097620DCDC4D00F1629C /* ConCreateOOTImg.swift in Sources */,
				B399B40E20E5F39F004204D7 /* WeekDustView.swift in Sources */,
				B347CF6220DCE7770081DD4F /* ConCreateOOTLabel.swift in Sources */,
				B33D1C7220E1D11800A0035B /* BaseWeatherPage.swift in Sources */,
				B32A98D320D56937003EBA31 /* BaseView.swift in Sources */,
				B359BDD220D566AF0032E187 /* AppDelegate.swift in Sources */,
				B337604C20DBFEE20081AAEA /* MainCollectionView.swift in Sources */,
				B33CB1AA20E0790500BD3D38 /* OOTClothView.swift in Sources */,
				B32A98D220D56937003EBA31 /* BaseVC.swift in Sources */,
				B32B285F20D69AAD0088AA23 /* UIColor+.swift in Sources */,
				B39E811120E1883200006A0C /* OOTDustData.swift in Sources */,
				B3DD704B20E4BC360009D0E6 /* BaseStackView.swift in Sources */,
			);
			runOnlyForDeploymentPostprocessing = 0;
		};
		B3A3CDAF20ECB35A00773D31 /* Sources */ = {
			isa = PBXSourcesBuildPhase;
			buildActionMask = 2147483647;
			files = (
				B3A3CDBD20ECB3FF00773D31 /* WeatherAnimationViewController.swift in Sources */,
				B3A3CDBE20ECB3FF00773D31 /* BaseVC.swift in Sources */,
				B3A3CDB620ECB35A00773D31 /* outfitoftodayTests.swift in Sources */,
			);
			runOnlyForDeploymentPostprocessing = 0;
		};
/* End PBXSourcesBuildPhase section */

/* Begin PBXTargetDependency section */
		B3A3CDB920ECB35A00773D31 /* PBXTargetDependency */ = {
			isa = PBXTargetDependency;
			target = B359BDCD20D566AF0032E187 /* outfitoftoday */;
			targetProxy = B3A3CDB820ECB35A00773D31 /* PBXContainerItemProxy */;
		};
/* End PBXTargetDependency section */

/* Begin PBXVariantGroup section */
		B359BDDA20D566B10032E187 /* LaunchScreen.storyboard */ = {
			isa = PBXVariantGroup;
			children = (
				B359BDDB20D566B10032E187 /* Base */,
			);
			name = LaunchScreen.storyboard;
			sourceTree = "<group>";
		};
/* End PBXVariantGroup section */

/* Begin XCBuildConfiguration section */
		B359BDDE20D566B10032E187 /* Debug */ = {
			isa = XCBuildConfiguration;
			buildSettings = {
				ALWAYS_SEARCH_USER_PATHS = NO;
				CLANG_ANALYZER_NONNULL = YES;
				CLANG_ANALYZER_NUMBER_OBJECT_CONVERSION = YES_AGGRESSIVE;
				CLANG_CXX_LANGUAGE_STANDARD = "gnu++14";
				CLANG_CXX_LIBRARY = "libc++";
				CLANG_ENABLE_MODULES = YES;
				CLANG_ENABLE_OBJC_ARC = YES;
				CLANG_ENABLE_OBJC_WEAK = YES;
				CLANG_WARN_BLOCK_CAPTURE_AUTORELEASING = YES;
				CLANG_WARN_BOOL_CONVERSION = YES;
				CLANG_WARN_COMMA = YES;
				CLANG_WARN_CONSTANT_CONVERSION = YES;
				CLANG_WARN_DEPRECATED_OBJC_IMPLEMENTATIONS = YES;
				CLANG_WARN_DIRECT_OBJC_ISA_USAGE = YES_ERROR;
				CLANG_WARN_DOCUMENTATION_COMMENTS = YES;
				CLANG_WARN_EMPTY_BODY = YES;
				CLANG_WARN_ENUM_CONVERSION = YES;
				CLANG_WARN_INFINITE_RECURSION = YES;
				CLANG_WARN_INT_CONVERSION = YES;
				CLANG_WARN_NON_LITERAL_NULL_CONVERSION = YES;
				CLANG_WARN_OBJC_IMPLICIT_RETAIN_SELF = YES;
				CLANG_WARN_OBJC_LITERAL_CONVERSION = YES;
				CLANG_WARN_OBJC_ROOT_CLASS = YES_ERROR;
				CLANG_WARN_RANGE_LOOP_ANALYSIS = YES;
				CLANG_WARN_STRICT_PROTOTYPES = YES;
				CLANG_WARN_SUSPICIOUS_MOVE = YES;
				CLANG_WARN_UNGUARDED_AVAILABILITY = YES_AGGRESSIVE;
				CLANG_WARN_UNREACHABLE_CODE = YES;
				CLANG_WARN__DUPLICATE_METHOD_MATCH = YES;
				CODE_SIGN_IDENTITY = "iPhone Developer";
				COPY_PHASE_STRIP = NO;
				DEBUG_INFORMATION_FORMAT = dwarf;
				ENABLE_STRICT_OBJC_MSGSEND = YES;
				ENABLE_TESTABILITY = YES;
				GCC_C_LANGUAGE_STANDARD = gnu11;
				GCC_DYNAMIC_NO_PIC = NO;
				GCC_NO_COMMON_BLOCKS = YES;
				GCC_OPTIMIZATION_LEVEL = 0;
				GCC_PREPROCESSOR_DEFINITIONS = (
					"DEBUG=1",
					"$(inherited)",
				);
				GCC_WARN_64_TO_32_BIT_CONVERSION = YES;
				GCC_WARN_ABOUT_RETURN_TYPE = YES_ERROR;
				GCC_WARN_UNDECLARED_SELECTOR = YES;
				GCC_WARN_UNINITIALIZED_AUTOS = YES_AGGRESSIVE;
				GCC_WARN_UNUSED_FUNCTION = YES;
				GCC_WARN_UNUSED_VARIABLE = YES;
				IPHONEOS_DEPLOYMENT_TARGET = 11.4;
				MTL_ENABLE_DEBUG_INFO = YES;
				ONLY_ACTIVE_ARCH = YES;
				SDKROOT = iphoneos;
				SWIFT_ACTIVE_COMPILATION_CONDITIONS = DEBUG;
				SWIFT_OPTIMIZATION_LEVEL = "-Onone";
			};
			name = Debug;
		};
		B359BDDF20D566B10032E187 /* Release */ = {
			isa = XCBuildConfiguration;
			buildSettings = {
				ALWAYS_SEARCH_USER_PATHS = NO;
				CLANG_ANALYZER_NONNULL = YES;
				CLANG_ANALYZER_NUMBER_OBJECT_CONVERSION = YES_AGGRESSIVE;
				CLANG_CXX_LANGUAGE_STANDARD = "gnu++14";
				CLANG_CXX_LIBRARY = "libc++";
				CLANG_ENABLE_MODULES = YES;
				CLANG_ENABLE_OBJC_ARC = YES;
				CLANG_ENABLE_OBJC_WEAK = YES;
				CLANG_WARN_BLOCK_CAPTURE_AUTORELEASING = YES;
				CLANG_WARN_BOOL_CONVERSION = YES;
				CLANG_WARN_COMMA = YES;
				CLANG_WARN_CONSTANT_CONVERSION = YES;
				CLANG_WARN_DEPRECATED_OBJC_IMPLEMENTATIONS = YES;
				CLANG_WARN_DIRECT_OBJC_ISA_USAGE = YES_ERROR;
				CLANG_WARN_DOCUMENTATION_COMMENTS = YES;
				CLANG_WARN_EMPTY_BODY = YES;
				CLANG_WARN_ENUM_CONVERSION = YES;
				CLANG_WARN_INFINITE_RECURSION = YES;
				CLANG_WARN_INT_CONVERSION = YES;
				CLANG_WARN_NON_LITERAL_NULL_CONVERSION = YES;
				CLANG_WARN_OBJC_IMPLICIT_RETAIN_SELF = YES;
				CLANG_WARN_OBJC_LITERAL_CONVERSION = YES;
				CLANG_WARN_OBJC_ROOT_CLASS = YES_ERROR;
				CLANG_WARN_RANGE_LOOP_ANALYSIS = YES;
				CLANG_WARN_STRICT_PROTOTYPES = YES;
				CLANG_WARN_SUSPICIOUS_MOVE = YES;
				CLANG_WARN_UNGUARDED_AVAILABILITY = YES_AGGRESSIVE;
				CLANG_WARN_UNREACHABLE_CODE = YES;
				CLANG_WARN__DUPLICATE_METHOD_MATCH = YES;
				CODE_SIGN_IDENTITY = "iPhone Developer";
				COPY_PHASE_STRIP = NO;
				DEBUG_INFORMATION_FORMAT = "dwarf-with-dsym";
				ENABLE_NS_ASSERTIONS = NO;
				ENABLE_STRICT_OBJC_MSGSEND = YES;
				GCC_C_LANGUAGE_STANDARD = gnu11;
				GCC_NO_COMMON_BLOCKS = YES;
				GCC_WARN_64_TO_32_BIT_CONVERSION = YES;
				GCC_WARN_ABOUT_RETURN_TYPE = YES_ERROR;
				GCC_WARN_UNDECLARED_SELECTOR = YES;
				GCC_WARN_UNINITIALIZED_AUTOS = YES_AGGRESSIVE;
				GCC_WARN_UNUSED_FUNCTION = YES;
				GCC_WARN_UNUSED_VARIABLE = YES;
				IPHONEOS_DEPLOYMENT_TARGET = 11.4;
				MTL_ENABLE_DEBUG_INFO = NO;
				SDKROOT = iphoneos;
				SWIFT_COMPILATION_MODE = wholemodule;
				SWIFT_OPTIMIZATION_LEVEL = "-O";
				VALIDATE_PRODUCT = YES;
			};
			name = Release;
		};
		B359BDE120D566B10032E187 /* Debug */ = {
			isa = XCBuildConfiguration;
			baseConfigurationReference = 582B9068E764BA7F495C82E3 /* Pods-outfitoftoday.debug.xcconfig */;
			buildSettings = {
				ASSETCATALOG_COMPILER_APPICON_NAME = AppIcon;
				CODE_SIGN_STYLE = Automatic;
				DEVELOPMENT_TEAM = 524TVTU6B9;
				INFOPLIST_FILE = "$(SRCROOT)/outfitoftoday/SurpportFile/Info.plist";
				IPHONEOS_DEPLOYMENT_TARGET = 11.0;
				LD_RUNPATH_SEARCH_PATHS = (
					"$(inherited)",
					"@executable_path/Frameworks",
				);
				PRODUCT_BUNDLE_IDENTIFIER = com.bulepaprika.outfitoftoday;
				PRODUCT_NAME = "$(TARGET_NAME)";
				SWIFT_VERSION = 4.0;
				TARGETED_DEVICE_FAMILY = 1;
			};
			name = Debug;
		};
		B359BDE220D566B10032E187 /* Release */ = {
			isa = XCBuildConfiguration;
			baseConfigurationReference = 1AFA2A638707CB78F55C25C0 /* Pods-outfitoftoday.release.xcconfig */;
			buildSettings = {
				ASSETCATALOG_COMPILER_APPICON_NAME = AppIcon;
				CODE_SIGN_STYLE = Automatic;
				DEVELOPMENT_TEAM = 524TVTU6B9;
				INFOPLIST_FILE = "$(SRCROOT)/outfitoftoday/SurpportFile/Info.plist";
				IPHONEOS_DEPLOYMENT_TARGET = 11.0;
				LD_RUNPATH_SEARCH_PATHS = (
					"$(inherited)",
					"@executable_path/Frameworks",
				);
				PRODUCT_BUNDLE_IDENTIFIER = com.bulepaprika.outfitoftoday;
				PRODUCT_NAME = "$(TARGET_NAME)";
				SWIFT_VERSION = 4.0;
				TARGETED_DEVICE_FAMILY = 1;
			};
			name = Release;
		};
		B3A3CDBB20ECB35A00773D31 /* Debug */ = {
			isa = XCBuildConfiguration;
			buildSettings = {
				BUNDLE_LOADER = "$(TEST_HOST)";
				CODE_SIGN_STYLE = Automatic;
				DEVELOPMENT_TEAM = 524TVTU6B9;
				INFOPLIST_FILE = outfitoftodayTests/Info.plist;
				LD_RUNPATH_SEARCH_PATHS = (
					"$(inherited)",
					"@executable_path/Frameworks",
					"@loader_path/Frameworks",
				);
				PRODUCT_BUNDLE_IDENTIFIER = com.bulepaprika.outfitoftodayTests;
				PRODUCT_NAME = "$(TARGET_NAME)";
				SWIFT_VERSION = 4.0;
				TARGETED_DEVICE_FAMILY = "1,2";
				TEST_HOST = "$(BUILT_PRODUCTS_DIR)/outfitoftoday.app/outfitoftoday";
			};
			name = Debug;
		};
		B3A3CDBC20ECB35A00773D31 /* Release */ = {
			isa = XCBuildConfiguration;
			buildSettings = {
				BUNDLE_LOADER = "$(TEST_HOST)";
				CODE_SIGN_STYLE = Automatic;
				DEVELOPMENT_TEAM = 524TVTU6B9;
				INFOPLIST_FILE = outfitoftodayTests/Info.plist;
				LD_RUNPATH_SEARCH_PATHS = (
					"$(inherited)",
					"@executable_path/Frameworks",
					"@loader_path/Frameworks",
				);
				PRODUCT_BUNDLE_IDENTIFIER = com.bulepaprika.outfitoftodayTests;
				PRODUCT_NAME = "$(TARGET_NAME)";
				SWIFT_VERSION = 4.0;
				TARGETED_DEVICE_FAMILY = "1,2";
				TEST_HOST = "$(BUILT_PRODUCTS_DIR)/outfitoftoday.app/outfitoftoday";
			};
			name = Release;
		};
/* End XCBuildConfiguration section */

/* Begin XCConfigurationList section */
		B359BDC920D566AF0032E187 /* Build configuration list for PBXProject "outfitoftoday" */ = {
			isa = XCConfigurationList;
			buildConfigurations = (
				B359BDDE20D566B10032E187 /* Debug */,
				B359BDDF20D566B10032E187 /* Release */,
			);
			defaultConfigurationIsVisible = 0;
			defaultConfigurationName = Release;
		};
		B359BDE020D566B10032E187 /* Build configuration list for PBXNativeTarget "outfitoftoday" */ = {
			isa = XCConfigurationList;
			buildConfigurations = (
				B359BDE120D566B10032E187 /* Debug */,
				B359BDE220D566B10032E187 /* Release */,
			);
			defaultConfigurationIsVisible = 0;
			defaultConfigurationName = Release;
		};
		B3A3CDBA20ECB35A00773D31 /* Build configuration list for PBXNativeTarget "outfitoftodayTests" */ = {
			isa = XCConfigurationList;
			buildConfigurations = (
				B3A3CDBB20ECB35A00773D31 /* Debug */,
				B3A3CDBC20ECB35A00773D31 /* Release */,
			);
			defaultConfigurationIsVisible = 0;
			defaultConfigurationName = Release;
		};
/* End XCConfigurationList section */
	};
	rootObject = B359BDC620D566AF0032E187 /* Project object */;
}
