// !$*UTF8*$!
{
	archiveVersion = 1;
	classes = {
	};
	objectVersion = 50;
	objects = {

/* Begin PBXBuildFile section */
		B3C2E85120D1304E00251575 /* AppDelegate.swift in Sources */ = {isa = PBXBuildFile; fileRef = B3C2E85020D1304E00251575 /* AppDelegate.swift */; };
		B3C2E85320D1304E00251575 /* ViewController.swift in Sources */ = {isa = PBXBuildFile; fileRef = B3C2E85220D1304E00251575 /* ViewController.swift */; };
		B3C2E85620D1304E00251575 /* Main.storyboard in Resources */ = {isa = PBXBuildFile; fileRef = B3C2E85420D1304E00251575 /* Main.storyboard */; };
		B3C2E85820D1304F00251575 /* Assets.xcassets in Resources */ = {isa = PBXBuildFile; fileRef = B3C2E85720D1304F00251575 /* Assets.xcassets */; };
		B3C2E85B20D1304F00251575 /* LaunchScreen.storyboard in Resources */ = {isa = PBXBuildFile; fileRef = B3C2E85920D1304F00251575 /* LaunchScreen.storyboard */; };
		CA99DF6703C3274874B6A1B6 /* Pods_OutfitOfTheDay.framework in Frameworks */ = {isa = PBXBuildFile; fileRef = 15E54E41DAFC25B1E3CBB7EF /* Pods_OutfitOfTheDay.framework */; };
/* End PBXBuildFile section */

/* Begin PBXFileReference section */
		15E54E41DAFC25B1E3CBB7EF /* Pods_OutfitOfTheDay.framework */ = {isa = PBXFileReference; explicitFileType = wrapper.framework; includeInIndex = 0; path = Pods_OutfitOfTheDay.framework; sourceTree = BUILT_PRODUCTS_DIR; };
		6EC52F87A86F174C4BC38428 /* Pods-OutfitOfTheDay.release.xcconfig */ = {isa = PBXFileReference; includeInIndex = 1; lastKnownFileType = text.xcconfig; name = "Pods-OutfitOfTheDay.release.xcconfig"; path = "Pods/Target Support Files/Pods-OutfitOfTheDay/Pods-OutfitOfTheDay.release.xcconfig"; sourceTree = "<group>"; };
		977F5C33CF9EFC147E3EA713 /* Pods-OutfitOfTheDay.debug.xcconfig */ = {isa = PBXFileReference; includeInIndex = 1; lastKnownFileType = text.xcconfig; name = "Pods-OutfitOfTheDay.debug.xcconfig"; path = "Pods/Target Support Files/Pods-OutfitOfTheDay/Pods-OutfitOfTheDay.debug.xcconfig"; sourceTree = "<group>"; };
		B3C2E84D20D1304E00251575 /* OutfitOfTheDay.app */ = {isa = PBXFileReference; explicitFileType = wrapper.application; includeInIndex = 0; path = OutfitOfTheDay.app; sourceTree = BUILT_PRODUCTS_DIR; };
		B3C2E85020D1304E00251575 /* AppDelegate.swift */ = {isa = PBXFileReference; lastKnownFileType = sourcecode.swift; path = AppDelegate.swift; sourceTree = "<group>"; };
		B3C2E85220D1304E00251575 /* ViewController.swift */ = {isa = PBXFileReference; lastKnownFileType = sourcecode.swift; path = ViewController.swift; sourceTree = "<group>"; };
		B3C2E85520D1304E00251575 /* Base */ = {isa = PBXFileReference; lastKnownFileType = file.storyboard; name = Base; path = Base.lproj/Main.storyboard; sourceTree = "<group>"; };
		B3C2E85720D1304F00251575 /* Assets.xcassets */ = {isa = PBXFileReference; lastKnownFileType = folder.assetcatalog; path = Assets.xcassets; sourceTree = "<group>"; };
		B3C2E85A20D1304F00251575 /* Base */ = {isa = PBXFileReference; lastKnownFileType = file.storyboard; name = Base; path = Base.lproj/LaunchScreen.storyboard; sourceTree = "<group>"; };
		B3C2E85C20D1304F00251575 /* Info.plist */ = {isa = PBXFileReference; lastKnownFileType = text.plist.xml; path = Info.plist; sourceTree = "<group>"; };
/* End PBXFileReference section */

/* Begin PBXFrameworksBuildPhase section */
		B3C2E84A20D1304E00251575 /* Frameworks */ = {
			isa = PBXFrameworksBuildPhase;
			buildActionMask = 2147483647;
			files = (
				CA99DF6703C3274874B6A1B6 /* Pods_OutfitOfTheDay.framework in Frameworks */,
			);
			runOnlyForDeploymentPostprocessing = 0;
		};
/* End PBXFrameworksBuildPhase section */

/* Begin PBXGroup section */
		0A3701B2CABEE982580C0CA0 /* Frameworks */ = {
			isa = PBXGroup;
			children = (
				15E54E41DAFC25B1E3CBB7EF /* Pods_OutfitOfTheDay.framework */,
			);
			name = Frameworks;
			sourceTree = "<group>";
		};
		1309620E6B09D4200BCEC723 /* Pods */ = {
			isa = PBXGroup;
			children = (
				977F5C33CF9EFC147E3EA713 /* Pods-OutfitOfTheDay.debug.xcconfig */,
				6EC52F87A86F174C4BC38428 /* Pods-OutfitOfTheDay.release.xcconfig */,
			);
			name = Pods;
			sourceTree = "<group>";
		};
		B3C2E84420D1304E00251575 = {
			isa = PBXGroup;
			children = (
				B3C2E84F20D1304E00251575 /* OutfitOfTheDay */,
				B3C2E84E20D1304E00251575 /* Products */,
				1309620E6B09D4200BCEC723 /* Pods */,
				0A3701B2CABEE982580C0CA0 /* Frameworks */,
			);
			sourceTree = "<group>";
		};
		B3C2E84E20D1304E00251575 /* Products */ = {
			isa = PBXGroup;
			children = (
				B3C2E84D20D1304E00251575 /* OutfitOfTheDay.app */,
			);
			name = Products;
			sourceTree = "<group>";
		};
		B3C2E84F20D1304E00251575 /* OutfitOfTheDay */ = {
			isa = PBXGroup;
			children = (
				B3C2E86420D1309200251575 /* SupportFile */,
				B3C2E85020D1304E00251575 /* AppDelegate.swift */,
				B3C2E86220D1307D00251575 /* Common */,
				B3C2E85220D1304E00251575 /* ViewController.swift */,
				B3C2E85420D1304E00251575 /* Main.storyboard */,
			);
			path = OutfitOfTheDay;
			sourceTree = "<group>";
		};
		B3C2E86220D1307D00251575 /* Common */ = {
			isa = PBXGroup;
			children = (
				B3C2E86320D1308700251575 /* Setting */,
			);
			path = Common;
			sourceTree = "<group>";
		};
		B3C2E86320D1308700251575 /* Setting */ = {
			isa = PBXGroup;
			children = (
			);
			path = Setting;
			sourceTree = "<group>";
		};
		B3C2E86420D1309200251575 /* SupportFile */ = {
			isa = PBXGroup;
			children = (
				B3C2E85720D1304F00251575 /* Assets.xcassets */,
				B3C2E85920D1304F00251575 /* LaunchScreen.storyboard */,
				B3C2E85C20D1304F00251575 /* Info.plist */,
			);
			path = SupportFile;
			sourceTree = "<group>";
		};
/* End PBXGroup section */

/* Begin PBXNativeTarget section */
		B3C2E84C20D1304E00251575 /* OutfitOfTheDay */ = {
			isa = PBXNativeTarget;
			buildConfigurationList = B3C2E85F20D1304F00251575 /* Build configuration list for PBXNativeTarget "OutfitOfTheDay" */;
			buildPhases = (
				98CFF4CAD3365326CC81B67F /* [CP] Check Pods Manifest.lock */,
				B3C2E84920D1304E00251575 /* Sources */,
				B3C2E84A20D1304E00251575 /* Frameworks */,
				B3C2E84B20D1304E00251575 /* Resources */,
				A95E02A7AD158A2A0DABC58A /* [CP] Embed Pods Frameworks */,
			);
			buildRules = (
			);
			dependencies = (
			);
			name = OutfitOfTheDay;
			productName = OutfitOfTheDay;
			productReference = B3C2E84D20D1304E00251575 /* OutfitOfTheDay.app */;
			productType = "com.apple.product-type.application";
		};
/* End PBXNativeTarget section */

/* Begin PBXProject section */
		B3C2E84520D1304E00251575 /* Project object */ = {
			isa = PBXProject;
			attributes = {
				LastSwiftUpdateCheck = 0940;
				LastUpgradeCheck = 0940;
				ORGANIZATIONNAME = LinSaeng;
				TargetAttributes = {
					B3C2E84C20D1304E00251575 = {
						CreatedOnToolsVersion = 9.4;
					};
				};
			};
			buildConfigurationList = B3C2E84820D1304E00251575 /* Build configuration list for PBXProject "OutfitOfTheDay" */;
			compatibilityVersion = "Xcode 9.3";
			developmentRegion = en;
			hasScannedForEncodings = 0;
			knownRegions = (
				en,
				Base,
			);
			mainGroup = B3C2E84420D1304E00251575;
			productRefGroup = B3C2E84E20D1304E00251575 /* Products */;
			projectDirPath = "";
			projectRoot = "";
			targets = (
				B3C2E84C20D1304E00251575 /* OutfitOfTheDay */,
			);
		};
/* End PBXProject section */

/* Begin PBXResourcesBuildPhase section */
		B3C2E84B20D1304E00251575 /* Resources */ = {
			isa = PBXResourcesBuildPhase;
			buildActionMask = 2147483647;
			files = (
				B3C2E85B20D1304F00251575 /* LaunchScreen.storyboard in Resources */,
				B3C2E85820D1304F00251575 /* Assets.xcassets in Resources */,
				B3C2E85620D1304E00251575 /* Main.storyboard in Resources */,
			);
			runOnlyForDeploymentPostprocessing = 0;
		};
/* End PBXResourcesBuildPhase section */

/* Begin PBXShellScriptBuildPhase section */
		98CFF4CAD3365326CC81B67F /* [CP] Check Pods Manifest.lock */ = {
			isa = PBXShellScriptBuildPhase;
			buildActionMask = 2147483647;
			files = (
			);
			inputPaths = (
				"${PODS_PODFILE_DIR_PATH}/Podfile.lock",
				"${PODS_ROOT}/Manifest.lock",
			);
			name = "[CP] Check Pods Manifest.lock";
			outputPaths = (
				"$(DERIVED_FILE_DIR)/Pods-OutfitOfTheDay-checkManifestLockResult.txt",
			);
			runOnlyForDeploymentPostprocessing = 0;
			shellPath = /bin/sh;
			shellScript = "diff \"${PODS_PODFILE_DIR_PATH}/Podfile.lock\" \"${PODS_ROOT}/Manifest.lock\" > /dev/null\nif [ $? != 0 ] ; then\n    # print error to STDERR\n    echo \"error: The sandbox is not in sync with the Podfile.lock. Run 'pod install' or update your CocoaPods installation.\" >&2\n    exit 1\nfi\n# This output is used by Xcode 'outputs' to avoid re-running this script phase.\necho \"SUCCESS\" > \"${SCRIPT_OUTPUT_FILE_0}\"\n";
			showEnvVarsInLog = 0;
		};
		A95E02A7AD158A2A0DABC58A /* [CP] Embed Pods Frameworks */ = {
			isa = PBXShellScriptBuildPhase;
			buildActionMask = 2147483647;
			files = (
			);
			inputPaths = (
				"${SRCROOT}/Pods/Target Support Files/Pods-OutfitOfTheDay/Pods-OutfitOfTheDay-frameworks.sh",
				"${BUILT_PRODUCTS_DIR}/Alamofire/Alamofire.framework",
				"${BUILT_PRODUCTS_DIR}/SnapKit/SnapKit.framework",
				"${BUILT_PRODUCTS_DIR}/SwiftyJSON/SwiftyJSON.framework",
				"${BUILT_PRODUCTS_DIR}/Then/Then.framework",
			);
			name = "[CP] Embed Pods Frameworks";
			outputPaths = (
				"${TARGET_BUILD_DIR}/${FRAMEWORKS_FOLDER_PATH}/Alamofire.framework",
				"${TARGET_BUILD_DIR}/${FRAMEWORKS_FOLDER_PATH}/SnapKit.framework",
				"${TARGET_BUILD_DIR}/${FRAMEWORKS_FOLDER_PATH}/SwiftyJSON.framework",
				"${TARGET_BUILD_DIR}/${FRAMEWORKS_FOLDER_PATH}/Then.framework",
			);
			runOnlyForDeploymentPostprocessing = 0;
			shellPath = /bin/sh;
			shellScript = "\"${SRCROOT}/Pods/Target Support Files/Pods-OutfitOfTheDay/Pods-OutfitOfTheDay-frameworks.sh\"\n";
			showEnvVarsInLog = 0;
		};
/* End PBXShellScriptBuildPhase section */

/* Begin PBXSourcesBuildPhase section */
		B3C2E84920D1304E00251575 /* Sources */ = {
			isa = PBXSourcesBuildPhase;
			buildActionMask = 2147483647;
			files = (
				B3C2E85320D1304E00251575 /* ViewController.swift in Sources */,
				B3C2E85120D1304E00251575 /* AppDelegate.swift in Sources */,
			);
			runOnlyForDeploymentPostprocessing = 0;
		};
/* End PBXSourcesBuildPhase section */

/* Begin PBXVariantGroup section */
		B3C2E85420D1304E00251575 /* Main.storyboard */ = {
			isa = PBXVariantGroup;
			children = (
				B3C2E85520D1304E00251575 /* Base */,
			);
			name = Main.storyboard;
			sourceTree = "<group>";
		};
		B3C2E85920D1304F00251575 /* LaunchScreen.storyboard */ = {
			isa = PBXVariantGroup;
			children = (
				B3C2E85A20D1304F00251575 /* Base */,
			);
			name = LaunchScreen.storyboard;
			sourceTree = "<group>";
		};
/* End PBXVariantGroup section */

/* Begin XCBuildConfiguration section */
		B3C2E85D20D1304F00251575 /* Debug */ = {
			isa = XCBuildConfiguration;
			buildSettings = {
				ALWAYS_SEARCH_USER_PATHS = NO;
				CLANG_ANALYZER_NONNULL = YES;
				CLANG_ANALYZER_NUMBER_OBJECT_CONVERSION = YES_AGGRESSIVE;
				CLANG_CXX_LANGUAGE_STANDARD = "gnu++14";
				CLANG_CXX_LIBRARY = "libc++";
				CLANG_ENABLE_MODULES = YES;
				CLANG_ENABLE_OBJC_ARC = YES;
				CLANG_ENABLE_OBJC_WEAK = YES;
				CLANG_WARN_BLOCK_CAPTURE_AUTORELEASING = YES;
				CLANG_WARN_BOOL_CONVERSION = YES;
				CLANG_WARN_COMMA = YES;
				CLANG_WARN_CONSTANT_CONVERSION = YES;
				CLANG_WARN_DEPRECATED_OBJC_IMPLEMENTATIONS = YES;
				CLANG_WARN_DIRECT_OBJC_ISA_USAGE = YES_ERROR;
				CLANG_WARN_DOCUMENTATION_COMMENTS = YES;
				CLANG_WARN_EMPTY_BODY = YES;
				CLANG_WARN_ENUM_CONVERSION = YES;
				CLANG_WARN_INFINITE_RECURSION = YES;
				CLANG_WARN_INT_CONVERSION = YES;
				CLANG_WARN_NON_LITERAL_NULL_CONVERSION = YES;
				CLANG_WARN_OBJC_IMPLICIT_RETAIN_SELF = YES;
				CLANG_WARN_OBJC_LITERAL_CONVERSION = YES;
				CLANG_WARN_OBJC_ROOT_CLASS = YES_ERROR;
				CLANG_WARN_RANGE_LOOP_ANALYSIS = YES;
				CLANG_WARN_STRICT_PROTOTYPES = YES;
				CLANG_WARN_SUSPICIOUS_MOVE = YES;
				CLANG_WARN_UNGUARDED_AVAILABILITY = YES_AGGRESSIVE;
				CLANG_WARN_UNREACHABLE_CODE = YES;
				CLANG_WARN__DUPLICATE_METHOD_MATCH = YES;
				CODE_SIGN_IDENTITY = "iPhone Developer";
				COPY_PHASE_STRIP = NO;
				DEBUG_INFORMATION_FORMAT = dwarf;
				ENABLE_STRICT_OBJC_MSGSEND = YES;
				ENABLE_TESTABILITY = YES;
				GCC_C_LANGUAGE_STANDARD = gnu11;
				GCC_DYNAMIC_NO_PIC = NO;
				GCC_NO_COMMON_BLOCKS = YES;
				GCC_OPTIMIZATION_LEVEL = 0;
				GCC_PREPROCESSOR_DEFINITIONS = (
					"DEBUG=1",
					"$(inherited)",
				);
				GCC_WARN_64_TO_32_BIT_CONVERSION = YES;
				GCC_WARN_ABOUT_RETURN_TYPE = YES_ERROR;
				GCC_WARN_UNDECLARED_SELECTOR = YES;
				GCC_WARN_UNINITIALIZED_AUTOS = YES_AGGRESSIVE;
				GCC_WARN_UNUSED_FUNCTION = YES;
				GCC_WARN_UNUSED_VARIABLE = YES;
				IPHONEOS_DEPLOYMENT_TARGET = 11.4;
				MTL_ENABLE_DEBUG_INFO = YES;
				ONLY_ACTIVE_ARCH = YES;
				SDKROOT = iphoneos;
				SWIFT_ACTIVE_COMPILATION_CONDITIONS = DEBUG;
				SWIFT_OPTIMIZATION_LEVEL = "-Onone";
			};
			name = Debug;
		};
		B3C2E85E20D1304F00251575 /* Release */ = {
			isa = XCBuildConfiguration;
			buildSettings = {
				ALWAYS_SEARCH_USER_PATHS = NO;
				CLANG_ANALYZER_NONNULL = YES;
				CLANG_ANALYZER_NUMBER_OBJECT_CONVERSION = YES_AGGRESSIVE;
				CLANG_CXX_LANGUAGE_STANDARD = "gnu++14";
				CLANG_CXX_LIBRARY = "libc++";
				CLANG_ENABLE_MODULES = YES;
				CLANG_ENABLE_OBJC_ARC = YES;
				CLANG_ENABLE_OBJC_WEAK = YES;
				CLANG_WARN_BLOCK_CAPTURE_AUTORELEASING = YES;
				CLANG_WARN_BOOL_CONVERSION = YES;
				CLANG_WARN_COMMA = YES;
				CLANG_WARN_CONSTANT_CONVERSION = YES;
				CLANG_WARN_DEPRECATED_OBJC_IMPLEMENTATIONS = YES;
				CLANG_WARN_DIRECT_OBJC_ISA_USAGE = YES_ERROR;
				CLANG_WARN_DOCUMENTATION_COMMENTS = YES;
				CLANG_WARN_EMPTY_BODY = YES;
				CLANG_WARN_ENUM_CONVERSION = YES;
				CLANG_WARN_INFINITE_RECURSION = YES;
				CLANG_WARN_INT_CONVERSION = YES;
				CLANG_WARN_NON_LITERAL_NULL_CONVERSION = YES;
				CLANG_WARN_OBJC_IMPLICIT_RETAIN_SELF = YES;
				CLANG_WARN_OBJC_LITERAL_CONVERSION = YES;
				CLANG_WARN_OBJC_ROOT_CLASS = YES_ERROR;
				CLANG_WARN_RANGE_LOOP_ANALYSIS = YES;
				CLANG_WARN_STRICT_PROTOTYPES = YES;
				CLANG_WARN_SUSPICIOUS_MOVE = YES;
				CLANG_WARN_UNGUARDED_AVAILABILITY = YES_AGGRESSIVE;
				CLANG_WARN_UNREACHABLE_CODE = YES;
				CLANG_WARN__DUPLICATE_METHOD_MATCH = YES;
				CODE_SIGN_IDENTITY = "iPhone Developer";
				COPY_PHASE_STRIP = NO;
				DEBUG_INFORMATION_FORMAT = "dwarf-with-dsym";
				ENABLE_NS_ASSERTIONS = NO;
				ENABLE_STRICT_OBJC_MSGSEND = YES;
				GCC_C_LANGUAGE_STANDARD = gnu11;
				GCC_NO_COMMON_BLOCKS = YES;
				GCC_WARN_64_TO_32_BIT_CONVERSION = YES;
				GCC_WARN_ABOUT_RETURN_TYPE = YES_ERROR;
				GCC_WARN_UNDECLARED_SELECTOR = YES;
				GCC_WARN_UNINITIALIZED_AUTOS = YES_AGGRESSIVE;
				GCC_WARN_UNUSED_FUNCTION = YES;
				GCC_WARN_UNUSED_VARIABLE = YES;
				IPHONEOS_DEPLOYMENT_TARGET = 11.4;
				MTL_ENABLE_DEBUG_INFO = NO;
				SDKROOT = iphoneos;
				SWIFT_COMPILATION_MODE = wholemodule;
				SWIFT_OPTIMIZATION_LEVEL = "-O";
				VALIDATE_PRODUCT = YES;
			};
			name = Release;
		};
		B3C2E86020D1304F00251575 /* Debug */ = {
			isa = XCBuildConfiguration;
			baseConfigurationReference = 977F5C33CF9EFC147E3EA713 /* Pods-OutfitOfTheDay.debug.xcconfig */;
			buildSettings = {
				ASSETCATALOG_COMPILER_APPICON_NAME = AppIcon;
				CODE_SIGN_STYLE = Automatic;
				DEVELOPMENT_TEAM = 524TVTU6B9;
				INFOPLIST_FILE = OutfitOfTheDay/Info.plist;
				LD_RUNPATH_SEARCH_PATHS = (
					"$(inherited)",
					"@executable_path/Frameworks",
				);
				PRODUCT_BUNDLE_IDENTIFIER = com.bulepaprika.OutfitOfTheDay;
				PRODUCT_NAME = "$(TARGET_NAME)";
				SWIFT_VERSION = 4.0;
				TARGETED_DEVICE_FAMILY = "1,2";
			};
			name = Debug;
		};
		B3C2E86120D1304F00251575 /* Release */ = {
			isa = XCBuildConfiguration;
			baseConfigurationReference = 6EC52F87A86F174C4BC38428 /* Pods-OutfitOfTheDay.release.xcconfig */;
			buildSettings = {
				ASSETCATALOG_COMPILER_APPICON_NAME = AppIcon;
				CODE_SIGN_STYLE = Automatic;
				DEVELOPMENT_TEAM = 524TVTU6B9;
				INFOPLIST_FILE = OutfitOfTheDay/Info.plist;
				LD_RUNPATH_SEARCH_PATHS = (
					"$(inherited)",
					"@executable_path/Frameworks",
				);
				PRODUCT_BUNDLE_IDENTIFIER = com.bulepaprika.OutfitOfTheDay;
				PRODUCT_NAME = "$(TARGET_NAME)";
				SWIFT_VERSION = 4.0;
				TARGETED_DEVICE_FAMILY = "1,2";
			};
			name = Release;
		};
/* End XCBuildConfiguration section */

/* Begin XCConfigurationList section */
		B3C2E84820D1304E00251575 /* Build configuration list for PBXProject "OutfitOfTheDay" */ = {
			isa = XCConfigurationList;
			buildConfigurations = (
				B3C2E85D20D1304F00251575 /* Debug */,
				B3C2E85E20D1304F00251575 /* Release */,
			);
			defaultConfigurationIsVisible = 0;
			defaultConfigurationName = Release;
		};
		B3C2E85F20D1304F00251575 /* Build configuration list for PBXNativeTarget "OutfitOfTheDay" */ = {
			isa = XCConfigurationList;
			buildConfigurations = (
				B3C2E86020D1304F00251575 /* Debug */,
				B3C2E86120D1304F00251575 /* Release */,
			);
			defaultConfigurationIsVisible = 0;
			defaultConfigurationName = Release;
		};
/* End XCConfigurationList section */
	};
	rootObject = B3C2E84520D1304E00251575 /* Project object */;
}
