// !$*UTF8*$!
{
	archiveVersion = 1;
	classes = {
	};
	objectVersion = 50;
	objects = {

/* Begin PBXBuildFile section */
		5B81EDF2D270650B30F22B5E /* Pods_WeatherStyle.framework in Frameworks */ = {isa = PBXBuildFile; fileRef = BE94BFC8EC6173428BB285A3 /* Pods_WeatherStyle.framework */; };
		B3331E3920CE23BC0010326F /* AppDelegate.swift in Sources */ = {isa = PBXBuildFile; fileRef = B3331E3820CE23BC0010326F /* AppDelegate.swift */; };
		B3331E4020CE23BE0010326F /* Assets.xcassets in Resources */ = {isa = PBXBuildFile; fileRef = B3331E3F20CE23BE0010326F /* Assets.xcassets */; };
		B3331E4320CE23BE0010326F /* LaunchScreen.storyboard in Resources */ = {isa = PBXBuildFile; fileRef = B3331E4120CE23BE0010326F /* LaunchScreen.storyboard */; };
		B39C28FA20D0F0C4004C8D94 /* BaseVC.swift in Sources */ = {isa = PBXBuildFile; fileRef = B39C28F920D0F0C4004C8D94 /* BaseVC.swift */; };
		B39C28FC20D0F0CC004C8D94 /* BaseView.swift in Sources */ = {isa = PBXBuildFile; fileRef = B39C28FB20D0F0CC004C8D94 /* BaseView.swift */; };
		B39C28FF20D0F291004C8D94 /* Alamofire.swift in Sources */ = {isa = PBXBuildFile; fileRef = B39C28FE20D0F291004C8D94 /* Alamofire.swift */; };
		B39C290120D0F3C9004C8D94 /* Strings.swift in Sources */ = {isa = PBXBuildFile; fileRef = B39C290020D0F3C9004C8D94 /* Strings.swift */; };
		B39C290320D0F492004C8D94 /* NetWork.swift in Sources */ = {isa = PBXBuildFile; fileRef = B39C290220D0F492004C8D94 /* NetWork.swift */; };
		B39C290520D0FBAE004C8D94 /* MainView.swift in Sources */ = {isa = PBXBuildFile; fileRef = B39C290420D0FBAE004C8D94 /* MainView.swift */; };
		B39C290720D0FBB9004C8D94 /* MainVC.swift in Sources */ = {isa = PBXBuildFile; fileRef = B39C290620D0FBB9004C8D94 /* MainVC.swift */; };
		B39C290C20D0FC14004C8D94 /* View+.swift in Sources */ = {isa = PBXBuildFile; fileRef = B39C290B20D0FC14004C8D94 /* View+.swift */; };
/* End PBXBuildFile section */

/* Begin PBXFileReference section */
		68280E0F1F85AB1FF4BE6042 /* Pods-WeatherStyle.release.xcconfig */ = {isa = PBXFileReference; includeInIndex = 1; lastKnownFileType = text.xcconfig; name = "Pods-WeatherStyle.release.xcconfig"; path = "Pods/Target Support Files/Pods-WeatherStyle/Pods-WeatherStyle.release.xcconfig"; sourceTree = "<group>"; };
		8100C5332F5186A9177FBDEA /* Pods-WeatherStyle.debug.xcconfig */ = {isa = PBXFileReference; includeInIndex = 1; lastKnownFileType = text.xcconfig; name = "Pods-WeatherStyle.debug.xcconfig"; path = "Pods/Target Support Files/Pods-WeatherStyle/Pods-WeatherStyle.debug.xcconfig"; sourceTree = "<group>"; };
		B3331E3520CE23BC0010326F /* WeatherStyle.app */ = {isa = PBXFileReference; explicitFileType = wrapper.application; includeInIndex = 0; path = WeatherStyle.app; sourceTree = BUILT_PRODUCTS_DIR; };
		B3331E3820CE23BC0010326F /* AppDelegate.swift */ = {isa = PBXFileReference; lastKnownFileType = sourcecode.swift; path = AppDelegate.swift; sourceTree = "<group>"; };
		B3331E3F20CE23BE0010326F /* Assets.xcassets */ = {isa = PBXFileReference; lastKnownFileType = folder.assetcatalog; path = Assets.xcassets; sourceTree = "<group>"; };
		B3331E4220CE23BE0010326F /* Base */ = {isa = PBXFileReference; lastKnownFileType = file.storyboard; name = Base; path = Base.lproj/LaunchScreen.storyboard; sourceTree = "<group>"; };
		B3331E4420CE23BE0010326F /* Info.plist */ = {isa = PBXFileReference; lastKnownFileType = text.plist.xml; path = Info.plist; sourceTree = "<group>"; };
		B39C28F920D0F0C4004C8D94 /* BaseVC.swift */ = {isa = PBXFileReference; lastKnownFileType = sourcecode.swift; path = BaseVC.swift; sourceTree = "<group>"; };
		B39C28FB20D0F0CC004C8D94 /* BaseView.swift */ = {isa = PBXFileReference; lastKnownFileType = sourcecode.swift; path = BaseView.swift; sourceTree = "<group>"; };
		B39C28FE20D0F291004C8D94 /* Alamofire.swift */ = {isa = PBXFileReference; lastKnownFileType = sourcecode.swift; path = Alamofire.swift; sourceTree = "<group>"; };
		B39C290020D0F3C9004C8D94 /* Strings.swift */ = {isa = PBXFileReference; lastKnownFileType = sourcecode.swift; path = Strings.swift; sourceTree = "<group>"; };
		B39C290220D0F492004C8D94 /* NetWork.swift */ = {isa = PBXFileReference; lastKnownFileType = sourcecode.swift; path = NetWork.swift; sourceTree = "<group>"; };
		B39C290420D0FBAE004C8D94 /* MainView.swift */ = {isa = PBXFileReference; lastKnownFileType = sourcecode.swift; path = MainView.swift; sourceTree = "<group>"; };
		B39C290620D0FBB9004C8D94 /* MainVC.swift */ = {isa = PBXFileReference; lastKnownFileType = sourcecode.swift; path = MainVC.swift; sourceTree = "<group>"; };
		B39C290B20D0FC14004C8D94 /* View+.swift */ = {isa = PBXFileReference; lastKnownFileType = sourcecode.swift; path = "View+.swift"; sourceTree = "<group>"; };
		BE94BFC8EC6173428BB285A3 /* Pods_WeatherStyle.framework */ = {isa = PBXFileReference; explicitFileType = wrapper.framework; includeInIndex = 0; path = Pods_WeatherStyle.framework; sourceTree = BUILT_PRODUCTS_DIR; };
/* End PBXFileReference section */

/* Begin PBXFrameworksBuildPhase section */
		B3331E3220CE23BC0010326F /* Frameworks */ = {
			isa = PBXFrameworksBuildPhase;
			buildActionMask = 2147483647;
			files = (
				5B81EDF2D270650B30F22B5E /* Pods_WeatherStyle.framework in Frameworks */,
			);
			runOnlyForDeploymentPostprocessing = 0;
		};
/* End PBXFrameworksBuildPhase section */

/* Begin PBXGroup section */
		919D773DEBC5863751F3A8E9 /* Pods */ = {
			isa = PBXGroup;
			children = (
				8100C5332F5186A9177FBDEA /* Pods-WeatherStyle.debug.xcconfig */,
				68280E0F1F85AB1FF4BE6042 /* Pods-WeatherStyle.release.xcconfig */,
			);
			name = Pods;
			sourceTree = "<group>";
		};
		96CBEA2C2FA7CA92A3F9D1B2 /* Frameworks */ = {
			isa = PBXGroup;
			children = (
				BE94BFC8EC6173428BB285A3 /* Pods_WeatherStyle.framework */,
			);
			name = Frameworks;
			sourceTree = "<group>";
		};
		B3331E2C20CE23BC0010326F = {
			isa = PBXGroup;
			children = (
				B3331E3720CE23BC0010326F /* WeatherStyle */,
				B3331E3620CE23BC0010326F /* Products */,
				919D773DEBC5863751F3A8E9 /* Pods */,
				96CBEA2C2FA7CA92A3F9D1B2 /* Frameworks */,
			);
			sourceTree = "<group>";
		};
		B3331E3620CE23BC0010326F /* Products */ = {
			isa = PBXGroup;
			children = (
				B3331E3520CE23BC0010326F /* WeatherStyle.app */,
			);
			name = Products;
			sourceTree = "<group>";
		};
		B3331E3720CE23BC0010326F /* WeatherStyle */ = {
			isa = PBXGroup;
			children = (
				B3331E3820CE23BC0010326F /* AppDelegate.swift */,
				B39C28F820D0F0AE004C8D94 /* SupportFile */,
				B39C28F720D0EF70004C8D94 /* Common */,
				B39C290820D0FBCF004C8D94 /* View */,
				B39C290920D0FBDB004C8D94 /* VC */,
			);
			path = WeatherStyle;
			sourceTree = "<group>";
		};
		B39C28F620D0EF1D004C8D94 /* Setting */ = {
			isa = PBXGroup;
			children = (
				B39C28F920D0F0C4004C8D94 /* BaseVC.swift */,
				B39C28FB20D0F0CC004C8D94 /* BaseView.swift */,
			);
			path = Setting;
			sourceTree = "<group>";
		};
		B39C28F720D0EF70004C8D94 /* Common */ = {
			isa = PBXGroup;
			children = (
				B39C290020D0F3C9004C8D94 /* Strings.swift */,
				B39C290220D0F492004C8D94 /* NetWork.swift */,
				B39C28FD20D0F234004C8D94 /* APIHelper */,
				B39C28F620D0EF1D004C8D94 /* Setting */,
				B39C290A20D0FC05004C8D94 /* Extension */,
			);
			path = Common;
			sourceTree = "<group>";
		};
		B39C28F820D0F0AE004C8D94 /* SupportFile */ = {
			isa = PBXGroup;
			children = (
				B3331E3F20CE23BE0010326F /* Assets.xcassets */,
				B3331E4120CE23BE0010326F /* LaunchScreen.storyboard */,
				B3331E4420CE23BE0010326F /* Info.plist */,
			);
			path = SupportFile;
			sourceTree = "<group>";
		};
		B39C28FD20D0F234004C8D94 /* APIHelper */ = {
			isa = PBXGroup;
			children = (
				B39C28FE20D0F291004C8D94 /* Alamofire.swift */,
			);
			path = APIHelper;
			sourceTree = "<group>";
		};
		B39C290820D0FBCF004C8D94 /* View */ = {
			isa = PBXGroup;
			children = (
				B39C290420D0FBAE004C8D94 /* MainView.swift */,
			);
			path = View;
			sourceTree = "<group>";
		};
		B39C290920D0FBDB004C8D94 /* VC */ = {
			isa = PBXGroup;
			children = (
				B39C290620D0FBB9004C8D94 /* MainVC.swift */,
			);
			path = VC;
			sourceTree = "<group>";
		};
		B39C290A20D0FC05004C8D94 /* Extension */ = {
			isa = PBXGroup;
			children = (
				B39C290B20D0FC14004C8D94 /* View+.swift */,
			);
			path = Extension;
			sourceTree = "<group>";
		};
/* End PBXGroup section */

/* Begin PBXNativeTarget section */
		B3331E3420CE23BC0010326F /* WeatherStyle */ = {
			isa = PBXNativeTarget;
			buildConfigurationList = B3331E4720CE23BE0010326F /* Build configuration list for PBXNativeTarget "WeatherStyle" */;
			buildPhases = (
				F0C9C446AC5F70A7E244DBAE /* [CP] Check Pods Manifest.lock */,
				B3331E3120CE23BC0010326F /* Sources */,
				B3331E3220CE23BC0010326F /* Frameworks */,
				B3331E3320CE23BC0010326F /* Resources */,
				3770E59F10D3EE22DEEC9D81 /* [CP] Embed Pods Frameworks */,
			);
			buildRules = (
			);
			dependencies = (
			);
			name = WeatherStyle;
			productName = WeatherStyle;
			productReference = B3331E3520CE23BC0010326F /* WeatherStyle.app */;
			productType = "com.apple.product-type.application";
		};
/* End PBXNativeTarget section */

/* Begin PBXProject section */
		B3331E2D20CE23BC0010326F /* Project object */ = {
			isa = PBXProject;
			attributes = {
				LastSwiftUpdateCheck = 0940;
				LastUpgradeCheck = 0940;
				ORGANIZATIONNAME = Clover;
				TargetAttributes = {
					B3331E3420CE23BC0010326F = {
						CreatedOnToolsVersion = 9.4;
					};
				};
			};
			buildConfigurationList = B3331E3020CE23BC0010326F /* Build configuration list for PBXProject "WeatherStyle" */;
			compatibilityVersion = "Xcode 9.3";
			developmentRegion = en;
			hasScannedForEncodings = 0;
			knownRegions = (
				en,
				Base,
			);
			mainGroup = B3331E2C20CE23BC0010326F;
			productRefGroup = B3331E3620CE23BC0010326F /* Products */;
			projectDirPath = "";
			projectRoot = "";
			targets = (
				B3331E3420CE23BC0010326F /* WeatherStyle */,
			);
		};
/* End PBXProject section */

/* Begin PBXResourcesBuildPhase section */
		B3331E3320CE23BC0010326F /* Resources */ = {
			isa = PBXResourcesBuildPhase;
			buildActionMask = 2147483647;
			files = (
				B3331E4320CE23BE0010326F /* LaunchScreen.storyboard in Resources */,
				B3331E4020CE23BE0010326F /* Assets.xcassets in Resources */,
			);
			runOnlyForDeploymentPostprocessing = 0;
		};
/* End PBXResourcesBuildPhase section */

/* Begin PBXShellScriptBuildPhase section */
		3770E59F10D3EE22DEEC9D81 /* [CP] Embed Pods Frameworks */ = {
			isa = PBXShellScriptBuildPhase;
			buildActionMask = 2147483647;
			files = (
			);
			inputPaths = (
				"${SRCROOT}/Pods/Target Support Files/Pods-WeatherStyle/Pods-WeatherStyle-frameworks.sh",
				"${BUILT_PRODUCTS_DIR}/Alamofire/Alamofire.framework",
				"${BUILT_PRODUCTS_DIR}/SnapKit/SnapKit.framework",
				"${BUILT_PRODUCTS_DIR}/SwiftyJSON/SwiftyJSON.framework",
				"${BUILT_PRODUCTS_DIR}/Then/Then.framework",
			);
			name = "[CP] Embed Pods Frameworks";
			outputPaths = (
				"${TARGET_BUILD_DIR}/${FRAMEWORKS_FOLDER_PATH}/Alamofire.framework",
				"${TARGET_BUILD_DIR}/${FRAMEWORKS_FOLDER_PATH}/SnapKit.framework",
				"${TARGET_BUILD_DIR}/${FRAMEWORKS_FOLDER_PATH}/SwiftyJSON.framework",
				"${TARGET_BUILD_DIR}/${FRAMEWORKS_FOLDER_PATH}/Then.framework",
			);
			runOnlyForDeploymentPostprocessing = 0;
			shellPath = /bin/sh;
			shellScript = "\"${SRCROOT}/Pods/Target Support Files/Pods-WeatherStyle/Pods-WeatherStyle-frameworks.sh\"\n";
			showEnvVarsInLog = 0;
		};
		F0C9C446AC5F70A7E244DBAE /* [CP] Check Pods Manifest.lock */ = {
			isa = PBXShellScriptBuildPhase;
			buildActionMask = 2147483647;
			files = (
			);
			inputPaths = (
				"${PODS_PODFILE_DIR_PATH}/Podfile.lock",
				"${PODS_ROOT}/Manifest.lock",
			);
			name = "[CP] Check Pods Manifest.lock";
			outputPaths = (
				"$(DERIVED_FILE_DIR)/Pods-WeatherStyle-checkManifestLockResult.txt",
			);
			runOnlyForDeploymentPostprocessing = 0;
			shellPath = /bin/sh;
			shellScript = "diff \"${PODS_PODFILE_DIR_PATH}/Podfile.lock\" \"${PODS_ROOT}/Manifest.lock\" > /dev/null\nif [ $? != 0 ] ; then\n    # print error to STDERR\n    echo \"error: The sandbox is not in sync with the Podfile.lock. Run 'pod install' or update your CocoaPods installation.\" >&2\n    exit 1\nfi\n# This output is used by Xcode 'outputs' to avoid re-running this script phase.\necho \"SUCCESS\" > \"${SCRIPT_OUTPUT_FILE_0}\"\n";
			showEnvVarsInLog = 0;
		};
/* End PBXShellScriptBuildPhase section */

/* Begin PBXSourcesBuildPhase section */
		B3331E3120CE23BC0010326F /* Sources */ = {
			isa = PBXSourcesBuildPhase;
			buildActionMask = 2147483647;
			files = (
				B39C28FC20D0F0CC004C8D94 /* BaseView.swift in Sources */,
				B39C290520D0FBAE004C8D94 /* MainView.swift in Sources */,
				B3331E3920CE23BC0010326F /* AppDelegate.swift in Sources */,
				B39C290320D0F492004C8D94 /* NetWork.swift in Sources */,
				B39C290C20D0FC14004C8D94 /* View+.swift in Sources */,
				B39C290120D0F3C9004C8D94 /* Strings.swift in Sources */,
				B39C290720D0FBB9004C8D94 /* MainVC.swift in Sources */,
				B39C28FF20D0F291004C8D94 /* Alamofire.swift in Sources */,
				B39C28FA20D0F0C4004C8D94 /* BaseVC.swift in Sources */,
			);
			runOnlyForDeploymentPostprocessing = 0;
		};
/* End PBXSourcesBuildPhase section */

/* Begin PBXVariantGroup section */
		B3331E4120CE23BE0010326F /* LaunchScreen.storyboard */ = {
			isa = PBXVariantGroup;
			children = (
				B3331E4220CE23BE0010326F /* Base */,
			);
			name = LaunchScreen.storyboard;
			sourceTree = "<group>";
		};
/* End PBXVariantGroup section */

/* Begin XCBuildConfiguration section */
		B3331E4520CE23BE0010326F /* Debug */ = {
			isa = XCBuildConfiguration;
			buildSettings = {
				ALWAYS_SEARCH_USER_PATHS = NO;
				CLANG_ANALYZER_NONNULL = YES;
				CLANG_ANALYZER_NUMBER_OBJECT_CONVERSION = YES_AGGRESSIVE;
				CLANG_CXX_LANGUAGE_STANDARD = "gnu++14";
				CLANG_CXX_LIBRARY = "libc++";
				CLANG_ENABLE_MODULES = YES;
				CLANG_ENABLE_OBJC_ARC = YES;
				CLANG_ENABLE_OBJC_WEAK = YES;
				CLANG_WARN_BLOCK_CAPTURE_AUTORELEASING = YES;
				CLANG_WARN_BOOL_CONVERSION = YES;
				CLANG_WARN_COMMA = YES;
				CLANG_WARN_CONSTANT_CONVERSION = YES;
				CLANG_WARN_DEPRECATED_OBJC_IMPLEMENTATIONS = YES;
				CLANG_WARN_DIRECT_OBJC_ISA_USAGE = YES_ERROR;
				CLANG_WARN_DOCUMENTATION_COMMENTS = YES;
				CLANG_WARN_EMPTY_BODY = YES;
				CLANG_WARN_ENUM_CONVERSION = YES;
				CLANG_WARN_INFINITE_RECURSION = YES;
				CLANG_WARN_INT_CONVERSION = YES;
				CLANG_WARN_NON_LITERAL_NULL_CONVERSION = YES;
				CLANG_WARN_OBJC_IMPLICIT_RETAIN_SELF = YES;
				CLANG_WARN_OBJC_LITERAL_CONVERSION = YES;
				CLANG_WARN_OBJC_ROOT_CLASS = YES_ERROR;
				CLANG_WARN_RANGE_LOOP_ANALYSIS = YES;
				CLANG_WARN_STRICT_PROTOTYPES = YES;
				CLANG_WARN_SUSPICIOUS_MOVE = YES;
				CLANG_WARN_UNGUARDED_AVAILABILITY = YES_AGGRESSIVE;
				CLANG_WARN_UNREACHABLE_CODE = YES;
				CLANG_WARN__DUPLICATE_METHOD_MATCH = YES;
				CODE_SIGN_IDENTITY = "iPhone Developer";
				COPY_PHASE_STRIP = NO;
				DEBUG_INFORMATION_FORMAT = dwarf;
				ENABLE_STRICT_OBJC_MSGSEND = YES;
				ENABLE_TESTABILITY = YES;
				GCC_C_LANGUAGE_STANDARD = gnu11;
				GCC_DYNAMIC_NO_PIC = NO;
				GCC_NO_COMMON_BLOCKS = YES;
				GCC_OPTIMIZATION_LEVEL = 0;
				GCC_PREPROCESSOR_DEFINITIONS = (
					"DEBUG=1",
					"$(inherited)",
				);
				GCC_WARN_64_TO_32_BIT_CONVERSION = YES;
				GCC_WARN_ABOUT_RETURN_TYPE = YES_ERROR;
				GCC_WARN_UNDECLARED_SELECTOR = YES;
				GCC_WARN_UNINITIALIZED_AUTOS = YES_AGGRESSIVE;
				GCC_WARN_UNUSED_FUNCTION = YES;
				GCC_WARN_UNUSED_VARIABLE = YES;
				IPHONEOS_DEPLOYMENT_TARGET = 11.4;
				MTL_ENABLE_DEBUG_INFO = YES;
				ONLY_ACTIVE_ARCH = YES;
				SDKROOT = iphoneos;
				SWIFT_ACTIVE_COMPILATION_CONDITIONS = DEBUG;
				SWIFT_OPTIMIZATION_LEVEL = "-Onone";
			};
			name = Debug;
		};
		B3331E4620CE23BE0010326F /* Release */ = {
			isa = XCBuildConfiguration;
			buildSettings = {
				ALWAYS_SEARCH_USER_PATHS = NO;
				CLANG_ANALYZER_NONNULL = YES;
				CLANG_ANALYZER_NUMBER_OBJECT_CONVERSION = YES_AGGRESSIVE;
				CLANG_CXX_LANGUAGE_STANDARD = "gnu++14";
				CLANG_CXX_LIBRARY = "libc++";
				CLANG_ENABLE_MODULES = YES;
				CLANG_ENABLE_OBJC_ARC = YES;
				CLANG_ENABLE_OBJC_WEAK = YES;
				CLANG_WARN_BLOCK_CAPTURE_AUTORELEASING = YES;
				CLANG_WARN_BOOL_CONVERSION = YES;
				CLANG_WARN_COMMA = YES;
				CLANG_WARN_CONSTANT_CONVERSION = YES;
				CLANG_WARN_DEPRECATED_OBJC_IMPLEMENTATIONS = YES;
				CLANG_WARN_DIRECT_OBJC_ISA_USAGE = YES_ERROR;
				CLANG_WARN_DOCUMENTATION_COMMENTS = YES;
				CLANG_WARN_EMPTY_BODY = YES;
				CLANG_WARN_ENUM_CONVERSION = YES;
				CLANG_WARN_INFINITE_RECURSION = YES;
				CLANG_WARN_INT_CONVERSION = YES;
				CLANG_WARN_NON_LITERAL_NULL_CONVERSION = YES;
				CLANG_WARN_OBJC_IMPLICIT_RETAIN_SELF = YES;
				CLANG_WARN_OBJC_LITERAL_CONVERSION = YES;
				CLANG_WARN_OBJC_ROOT_CLASS = YES_ERROR;
				CLANG_WARN_RANGE_LOOP_ANALYSIS = YES;
				CLANG_WARN_STRICT_PROTOTYPES = YES;
				CLANG_WARN_SUSPICIOUS_MOVE = YES;
				CLANG_WARN_UNGUARDED_AVAILABILITY = YES_AGGRESSIVE;
				CLANG_WARN_UNREACHABLE_CODE = YES;
				CLANG_WARN__DUPLICATE_METHOD_MATCH = YES;
				CODE_SIGN_IDENTITY = "iPhone Developer";
				COPY_PHASE_STRIP = NO;
				DEBUG_INFORMATION_FORMAT = "dwarf-with-dsym";
				ENABLE_NS_ASSERTIONS = NO;
				ENABLE_STRICT_OBJC_MSGSEND = YES;
				GCC_C_LANGUAGE_STANDARD = gnu11;
				GCC_NO_COMMON_BLOCKS = YES;
				GCC_WARN_64_TO_32_BIT_CONVERSION = YES;
				GCC_WARN_ABOUT_RETURN_TYPE = YES_ERROR;
				GCC_WARN_UNDECLARED_SELECTOR = YES;
				GCC_WARN_UNINITIALIZED_AUTOS = YES_AGGRESSIVE;
				GCC_WARN_UNUSED_FUNCTION = YES;
				GCC_WARN_UNUSED_VARIABLE = YES;
				IPHONEOS_DEPLOYMENT_TARGET = 11.4;
				MTL_ENABLE_DEBUG_INFO = NO;
				SDKROOT = iphoneos;
				SWIFT_COMPILATION_MODE = wholemodule;
				SWIFT_OPTIMIZATION_LEVEL = "-O";
				VALIDATE_PRODUCT = YES;
			};
			name = Release;
		};
		B3331E4820CE23BE0010326F /* Debug */ = {
			isa = XCBuildConfiguration;
			baseConfigurationReference = 8100C5332F5186A9177FBDEA /* Pods-WeatherStyle.debug.xcconfig */;
			buildSettings = {
				ASSETCATALOG_COMPILER_APPICON_NAME = AppIcon;
				CODE_SIGN_STYLE = Automatic;
				DEVELOPMENT_TEAM = 524TVTU6B9;
				INFOPLIST_FILE = "$(SRCROOT)/WeatherStyle/SupportFile/Info.plist";
				IPHONEOS_DEPLOYMENT_TARGET = 11.0;
				LD_RUNPATH_SEARCH_PATHS = (
					"$(inherited)",
					"@executable_path/Frameworks",
				);
				PRODUCT_BUNDLE_IDENTIFIER = com.clover.WaetherStyle.WeatherStyle;
				PRODUCT_NAME = "$(TARGET_NAME)";
				SWIFT_VERSION = 4.0;
				TARGETED_DEVICE_FAMILY = "1,2";
			};
			name = Debug;
		};
		B3331E4920CE23BE0010326F /* Release */ = {
			isa = XCBuildConfiguration;
			baseConfigurationReference = 68280E0F1F85AB1FF4BE6042 /* Pods-WeatherStyle.release.xcconfig */;
			buildSettings = {
				ASSETCATALOG_COMPILER_APPICON_NAME = AppIcon;
				CODE_SIGN_STYLE = Automatic;
				DEVELOPMENT_TEAM = 524TVTU6B9;
				INFOPLIST_FILE = "$(SRCROOT)/WeatherStyle/SupportFile/Info.plist";
				IPHONEOS_DEPLOYMENT_TARGET = 11.0;
				LD_RUNPATH_SEARCH_PATHS = (
					"$(inherited)",
					"@executable_path/Frameworks",
				);
				PRODUCT_BUNDLE_IDENTIFIER = com.clover.WaetherStyle.WeatherStyle;
				PRODUCT_NAME = "$(TARGET_NAME)";
				SWIFT_VERSION = 4.0;
				TARGETED_DEVICE_FAMILY = "1,2";
			};
			name = Release;
		};
/* End XCBuildConfiguration section */

/* Begin XCConfigurationList section */
		B3331E3020CE23BC0010326F /* Build configuration list for PBXProject "WeatherStyle" */ = {
			isa = XCConfigurationList;
			buildConfigurations = (
				B3331E4520CE23BE0010326F /* Debug */,
				B3331E4620CE23BE0010326F /* Release */,
			);
			defaultConfigurationIsVisible = 0;
			defaultConfigurationName = Release;
		};
		B3331E4720CE23BE0010326F /* Build configuration list for PBXNativeTarget "WeatherStyle" */ = {
			isa = XCConfigurationList;
			buildConfigurations = (
				B3331E4820CE23BE0010326F /* Debug */,
				B3331E4920CE23BE0010326F /* Release */,
			);
			defaultConfigurationIsVisible = 0;
			defaultConfigurationName = Release;
		};
/* End XCConfigurationList section */
	};
	rootObject = B3331E2D20CE23BC0010326F /* Project object */;
}
